// !$*UTF8*$!
{
	archiveVersion = 1;
	classes = {
	};
	objectVersion = 50;
	objects = {

/* Begin PBXBuildFile section */
		DC1283ED2477740900B1317E /* AppDelegate.swift in Sources */ = {isa = PBXBuildFile; fileRef = DC1283EC2477740900B1317E /* AppDelegate.swift */; };
		DC1283EF2477740900B1317E /* SceneDelegate.swift in Sources */ = {isa = PBXBuildFile; fileRef = DC1283EE2477740900B1317E /* SceneDelegate.swift */; };
		DC1283F12477740900B1317E /* ContentView.swift in Sources */ = {isa = PBXBuildFile; fileRef = DC1283F02477740900B1317E /* ContentView.swift */; };
		DC1283F32477741000B1317E /* Assets.xcassets in Resources */ = {isa = PBXBuildFile; fileRef = DC1283F22477741000B1317E /* Assets.xcassets */; };
		DC1283F62477741000B1317E /* Preview Assets.xcassets in Resources */ = {isa = PBXBuildFile; fileRef = DC1283F52477741000B1317E /* Preview Assets.xcassets */; };
		DC1283F92477741000B1317E /* LaunchScreen.storyboard in Resources */ = {isa = PBXBuildFile; fileRef = DC1283F72477741000B1317E /* LaunchScreen.storyboard */; };
		DC12840B247780A100B1317E /* AppDelegate.swift in Sources */ = {isa = PBXBuildFile; fileRef = DC12840A247780A100B1317E /* AppDelegate.swift */; };
		DC12840D247780A100B1317E /* ContentView.swift in Sources */ = {isa = PBXBuildFile; fileRef = DC12840C247780A100B1317E /* ContentView.swift */; };
		DC12840F247780A400B1317E /* Assets.xcassets in Resources */ = {isa = PBXBuildFile; fileRef = DC12840E247780A400B1317E /* Assets.xcassets */; };
		DC128412247780A400B1317E /* Preview Assets.xcassets in Resources */ = {isa = PBXBuildFile; fileRef = DC128411247780A400B1317E /* Preview Assets.xcassets */; };
		DC128415247780A400B1317E /* Main.storyboard in Resources */ = {isa = PBXBuildFile; fileRef = DC128413247780A400B1317E /* Main.storyboard */; };
		DC12841F24778FAE00B1317E /* GameView.swift in Sources */ = {isa = PBXBuildFile; fileRef = DC12841E24778FAE00B1317E /* GameView.swift */; };
		DC1284212477938B00B1317E /* PieceViewModel.swift in Sources */ = {isa = PBXBuildFile; fileRef = DC1284202477938B00B1317E /* PieceViewModel.swift */; };
		DC128423247793A600B1317E /* GameViewModel.swift in Sources */ = {isa = PBXBuildFile; fileRef = DC128422247793A600B1317E /* GameViewModel.swift */; };
		DC128425247793C300B1317E /* BoardCellViewModel.swift in Sources */ = {isa = PBXBuildFile; fileRef = DC128424247793C300B1317E /* BoardCellViewModel.swift */; };
		DC128427247793E000B1317E /* PieceView.swift in Sources */ = {isa = PBXBuildFile; fileRef = DC128426247793E000B1317E /* PieceView.swift */; };
		DC128429247793EF00B1317E /* BoardCellView.swift in Sources */ = {isa = PBXBuildFile; fileRef = DC128428247793EF00B1317E /* BoardCellView.swift */; };
		DC12842E2477A7E300B1317E /* GridStack.swift in Sources */ = {isa = PBXBuildFile; fileRef = DC12842D2477A7E300B1317E /* GridStack.swift */; };
		DCF3D7352478F3E80071506A /* Theme.swift in Sources */ = {isa = PBXBuildFile; fileRef = DCF3D7342478F3E80071506A /* Theme.swift */; };
/* End PBXBuildFile section */

/* Begin PBXFileReference section */
		DC1283E92477740900B1317E /* Tim-Bak-Toe.app */ = {isa = PBXFileReference; explicitFileType = wrapper.application; includeInIndex = 0; path = "Tim-Bak-Toe.app"; sourceTree = BUILT_PRODUCTS_DIR; };
		DC1283EC2477740900B1317E /* AppDelegate.swift */ = {isa = PBXFileReference; lastKnownFileType = sourcecode.swift; path = AppDelegate.swift; sourceTree = "<group>"; };
		DC1283EE2477740900B1317E /* SceneDelegate.swift */ = {isa = PBXFileReference; lastKnownFileType = sourcecode.swift; path = SceneDelegate.swift; sourceTree = "<group>"; };
		DC1283F02477740900B1317E /* ContentView.swift */ = {isa = PBXFileReference; lastKnownFileType = sourcecode.swift; path = ContentView.swift; sourceTree = "<group>"; };
		DC1283F22477741000B1317E /* Assets.xcassets */ = {isa = PBXFileReference; lastKnownFileType = folder.assetcatalog; path = Assets.xcassets; sourceTree = "<group>"; };
		DC1283F52477741000B1317E /* Preview Assets.xcassets */ = {isa = PBXFileReference; lastKnownFileType = folder.assetcatalog; path = "Preview Assets.xcassets"; sourceTree = "<group>"; };
		DC1283F82477741000B1317E /* Base */ = {isa = PBXFileReference; lastKnownFileType = file.storyboard; name = Base; path = Base.lproj/LaunchScreen.storyboard; sourceTree = "<group>"; };
		DC1283FA2477741000B1317E /* Info.plist */ = {isa = PBXFileReference; lastKnownFileType = text.plist.xml; path = Info.plist; sourceTree = "<group>"; };
		DC128408247780A100B1317E /* Tim-Bak-Toe-Mac.app */ = {isa = PBXFileReference; explicitFileType = wrapper.application; includeInIndex = 0; path = "Tim-Bak-Toe-Mac.app"; sourceTree = BUILT_PRODUCTS_DIR; };
		DC12840A247780A100B1317E /* AppDelegate.swift */ = {isa = PBXFileReference; lastKnownFileType = sourcecode.swift; path = AppDelegate.swift; sourceTree = "<group>"; };
		DC12840C247780A100B1317E /* ContentView.swift */ = {isa = PBXFileReference; lastKnownFileType = sourcecode.swift; path = ContentView.swift; sourceTree = "<group>"; };
		DC12840E247780A400B1317E /* Assets.xcassets */ = {isa = PBXFileReference; lastKnownFileType = folder.assetcatalog; path = Assets.xcassets; sourceTree = "<group>"; };
		DC128411247780A400B1317E /* Preview Assets.xcassets */ = {isa = PBXFileReference; lastKnownFileType = folder.assetcatalog; path = "Preview Assets.xcassets"; sourceTree = "<group>"; };
		DC128414247780A400B1317E /* Base */ = {isa = PBXFileReference; lastKnownFileType = file.storyboard; name = Base; path = Base.lproj/Main.storyboard; sourceTree = "<group>"; };
		DC128416247780A400B1317E /* Info.plist */ = {isa = PBXFileReference; lastKnownFileType = text.plist.xml; path = Info.plist; sourceTree = "<group>"; };
		DC128417247780A400B1317E /* Tim_Bak_Toe_Mac.entitlements */ = {isa = PBXFileReference; lastKnownFileType = text.plist.entitlements; path = Tim_Bak_Toe_Mac.entitlements; sourceTree = "<group>"; };
		DC12841E24778FAE00B1317E /* GameView.swift */ = {isa = PBXFileReference; lastKnownFileType = sourcecode.swift; path = GameView.swift; sourceTree = "<group>"; };
		DC1284202477938B00B1317E /* PieceViewModel.swift */ = {isa = PBXFileReference; lastKnownFileType = sourcecode.swift; path = PieceViewModel.swift; sourceTree = "<group>"; };
		DC128422247793A600B1317E /* GameViewModel.swift */ = {isa = PBXFileReference; lastKnownFileType = sourcecode.swift; path = GameViewModel.swift; sourceTree = "<group>"; };
		DC128424247793C300B1317E /* BoardCellViewModel.swift */ = {isa = PBXFileReference; lastKnownFileType = sourcecode.swift; path = BoardCellViewModel.swift; sourceTree = "<group>"; };
		DC128426247793E000B1317E /* PieceView.swift */ = {isa = PBXFileReference; lastKnownFileType = sourcecode.swift; path = PieceView.swift; sourceTree = "<group>"; };
		DC128428247793EF00B1317E /* BoardCellView.swift */ = {isa = PBXFileReference; lastKnownFileType = sourcecode.swift; path = BoardCellView.swift; sourceTree = "<group>"; };
		DC12842D2477A7E300B1317E /* GridStack.swift */ = {isa = PBXFileReference; fileEncoding = 4; lastKnownFileType = sourcecode.swift; path = GridStack.swift; sourceTree = "<group>"; };
		DCF3D7342478F3E80071506A /* Theme.swift */ = {isa = PBXFileReference; lastKnownFileType = sourcecode.swift; path = Theme.swift; sourceTree = "<group>"; };
/* End PBXFileReference section */

/* Begin PBXFrameworksBuildPhase section */
		DC1283E62477740900B1317E /* Frameworks */ = {
			isa = PBXFrameworksBuildPhase;
			buildActionMask = 2147483647;
			files = (
			);
			runOnlyForDeploymentPostprocessing = 0;
		};
		DC128405247780A100B1317E /* Frameworks */ = {
			isa = PBXFrameworksBuildPhase;
			buildActionMask = 2147483647;
			files = (
			);
			runOnlyForDeploymentPostprocessing = 0;
		};
/* End PBXFrameworksBuildPhase section */

/* Begin PBXGroup section */
		DC1283E02477740900B1317E = {
			isa = PBXGroup;
			children = (
				DC1283EB2477740900B1317E /* Tim-Bak-Toe */,
				DC128409247780A100B1317E /* Tim-Bak-Toe-Mac */,
				DC1283EA2477740900B1317E /* Products */,
			);
			sourceTree = "<group>";
		};
		DC1283EA2477740900B1317E /* Products */ = {
			isa = PBXGroup;
			children = (
				DC1283E92477740900B1317E /* Tim-Bak-Toe.app */,
				DC128408247780A100B1317E /* Tim-Bak-Toe-Mac.app */,
			);
			name = Products;
			sourceTree = "<group>";
		};
		DC1283EB2477740900B1317E /* Tim-Bak-Toe */ = {
			isa = PBXGroup;
			children = (
				DC12842A2477A71B00B1317E /* Helpers */,
				DC1284002477750800B1317E /* Models */,
				DC1284032477753600B1317E /* ViewModels */,
				DC1284012477751400B1317E /* Views */,
				DC1284022477752900B1317E /* Supporting Files */,
				DC1283F42477741000B1317E /* Preview Content */,
			);
			path = "Tim-Bak-Toe";
			sourceTree = "<group>";
		};
		DC1283F42477741000B1317E /* Preview Content */ = {
			isa = PBXGroup;
			children = (
				DC1283F52477741000B1317E /* Preview Assets.xcassets */,
			);
			path = "Preview Content";
			sourceTree = "<group>";
		};
		DC1284002477750800B1317E /* Models */ = {
			isa = PBXGroup;
			children = (
			);
			path = Models;
			sourceTree = "<group>";
		};
		DC1284012477751400B1317E /* Views */ = {
			isa = PBXGroup;
			children = (
				DC128428247793EF00B1317E /* BoardCellView.swift */,
				DC1283F02477740900B1317E /* ContentView.swift */,
				DC12841E24778FAE00B1317E /* GameView.swift */,
				DC128426247793E000B1317E /* PieceView.swift */,
			);
			path = Views;
			sourceTree = "<group>";
		};
		DC1284022477752900B1317E /* Supporting Files */ = {
			isa = PBXGroup;
			children = (
				DC1283EC2477740900B1317E /* AppDelegate.swift */,
				DC1283EE2477740900B1317E /* SceneDelegate.swift */,
				DC1283F22477741000B1317E /* Assets.xcassets */,
				DC1283F72477741000B1317E /* LaunchScreen.storyboard */,
				DC1283FA2477741000B1317E /* Info.plist */,
			);
			name = "Supporting Files";
			sourceTree = "<group>";
		};
		DC1284032477753600B1317E /* ViewModels */ = {
			isa = PBXGroup;
			children = (
				DC128424247793C300B1317E /* BoardCellViewModel.swift */,
				DC128422247793A600B1317E /* GameViewModel.swift */,
				DC1284202477938B00B1317E /* PieceViewModel.swift */,
			);
			path = ViewModels;
			sourceTree = "<group>";
		};
		DC128409247780A100B1317E /* Tim-Bak-Toe-Mac */ = {
			isa = PBXGroup;
			children = (
				DC12841D2477812D00B1317E /* ViewModels */,
				DC12841C2477812400B1317E /* Views */,
				DC12841B2477810800B1317E /* Supporting Files */,
				DC128410247780A400B1317E /* Preview Content */,
			);
			path = "Tim-Bak-Toe-Mac";
			sourceTree = "<group>";
		};
		DC128410247780A400B1317E /* Preview Content */ = {
			isa = PBXGroup;
			children = (
				DC128411247780A400B1317E /* Preview Assets.xcassets */,
			);
			path = "Preview Content";
			sourceTree = "<group>";
		};
		DC12841B2477810800B1317E /* Supporting Files */ = {
			isa = PBXGroup;
			children = (
				DC12840A247780A100B1317E /* AppDelegate.swift */,
				DC12840E247780A400B1317E /* Assets.xcassets */,
				DC128413247780A400B1317E /* Main.storyboard */,
				DC128416247780A400B1317E /* Info.plist */,
				DC128417247780A400B1317E /* Tim_Bak_Toe_Mac.entitlements */,
			);
			name = "Supporting Files";
			sourceTree = "<group>";
		};
		DC12841C2477812400B1317E /* Views */ = {
			isa = PBXGroup;
			children = (
				DC12840C247780A100B1317E /* ContentView.swift */,
			);
			path = Views;
			sourceTree = "<group>";
		};
		DC12841D2477812D00B1317E /* ViewModels */ = {
			isa = PBXGroup;
			children = (
			);
			path = ViewModels;
			sourceTree = "<group>";
		};
		DC12842A2477A71B00B1317E /* Helpers */ = {
			isa = PBXGroup;
			children = (
				DC12842D2477A7E300B1317E /* GridStack.swift */,
				DCF3D7342478F3E80071506A /* Theme.swift */,
			);
			path = Helpers;
			sourceTree = "<group>";
		};
/* End PBXGroup section */

/* Begin PBXNativeTarget section */
		DC1283E82477740900B1317E /* Tim-Bak-Toe */ = {
			isa = PBXNativeTarget;
			buildConfigurationList = DC1283FD2477741000B1317E /* Build configuration list for PBXNativeTarget "Tim-Bak-Toe" */;
			buildPhases = (
				DC1283E52477740900B1317E /* Sources */,
				DC1283E62477740900B1317E /* Frameworks */,
				DC1283E72477740900B1317E /* Resources */,
			);
			buildRules = (
			);
			dependencies = (
			);
			name = "Tim-Bak-Toe";
			productName = "Tim-Bak-Toe";
			productReference = DC1283E92477740900B1317E /* Tim-Bak-Toe.app */;
			productType = "com.apple.product-type.application";
		};
		DC128407247780A100B1317E /* Tim-Bak-Toe-Mac */ = {
			isa = PBXNativeTarget;
			buildConfigurationList = DC128418247780A500B1317E /* Build configuration list for PBXNativeTarget "Tim-Bak-Toe-Mac" */;
			buildPhases = (
				DC128404247780A100B1317E /* Sources */,
				DC128405247780A100B1317E /* Frameworks */,
				DC128406247780A100B1317E /* Resources */,
			);
			buildRules = (
			);
			dependencies = (
			);
			name = "Tim-Bak-Toe-Mac";
			productName = "Tim-Bak-Toe-Mac";
			productReference = DC128408247780A100B1317E /* Tim-Bak-Toe-Mac.app */;
			productType = "com.apple.product-type.application";
		};
/* End PBXNativeTarget section */

/* Begin PBXProject section */
		DC1283E12477740900B1317E /* Project object */ = {
			isa = PBXProject;
			attributes = {
				LastSwiftUpdateCheck = 1120;
				LastUpgradeCheck = 1120;
				ORGANIZATIONNAME = "v-i-s-h-a-l";
				TargetAttributes = {
					DC1283E82477740900B1317E = {
						CreatedOnToolsVersion = 11.2.1;
					};
					DC128407247780A100B1317E = {
						CreatedOnToolsVersion = 11.2.1;
					};
				};
			};
			buildConfigurationList = DC1283E42477740900B1317E /* Build configuration list for PBXProject "Tim-Bak-Toe" */;
			compatibilityVersion = "Xcode 9.3";
			developmentRegion = en;
			hasScannedForEncodings = 0;
			knownRegions = (
				en,
				Base,
			);
			mainGroup = DC1283E02477740900B1317E;
			productRefGroup = DC1283EA2477740900B1317E /* Products */;
			projectDirPath = "";
			projectRoot = "";
			targets = (
				DC1283E82477740900B1317E /* Tim-Bak-Toe */,
				DC128407247780A100B1317E /* Tim-Bak-Toe-Mac */,
			);
		};
/* End PBXProject section */

/* Begin PBXResourcesBuildPhase section */
		DC1283E72477740900B1317E /* Resources */ = {
			isa = PBXResourcesBuildPhase;
			buildActionMask = 2147483647;
			files = (
				DC1283F92477741000B1317E /* LaunchScreen.storyboard in Resources */,
				DC1283F62477741000B1317E /* Preview Assets.xcassets in Resources */,
				DC1283F32477741000B1317E /* Assets.xcassets in Resources */,
			);
			runOnlyForDeploymentPostprocessing = 0;
		};
		DC128406247780A100B1317E /* Resources */ = {
			isa = PBXResourcesBuildPhase;
			buildActionMask = 2147483647;
			files = (
				DC128415247780A400B1317E /* Main.storyboard in Resources */,
				DC128412247780A400B1317E /* Preview Assets.xcassets in Resources */,
				DC12840F247780A400B1317E /* Assets.xcassets in Resources */,
			);
			runOnlyForDeploymentPostprocessing = 0;
		};
/* End PBXResourcesBuildPhase section */

/* Begin PBXSourcesBuildPhase section */
		DC1283E52477740900B1317E /* Sources */ = {
			isa = PBXSourcesBuildPhase;
			buildActionMask = 2147483647;
			files = (
				DC12842E2477A7E300B1317E /* GridStack.swift in Sources */,
				DC128429247793EF00B1317E /* BoardCellView.swift in Sources */,
				DC128423247793A600B1317E /* GameViewModel.swift in Sources */,
				DC1283ED2477740900B1317E /* AppDelegate.swift in Sources */,
				DCF3D7352478F3E80071506A /* Theme.swift in Sources */,
				DC1283EF2477740900B1317E /* SceneDelegate.swift in Sources */,
				DC128427247793E000B1317E /* PieceView.swift in Sources */,
				DC12841F24778FAE00B1317E /* GameView.swift in Sources */,
				DC1284212477938B00B1317E /* PieceViewModel.swift in Sources */,
				DC128425247793C300B1317E /* BoardCellViewModel.swift in Sources */,
				DC1283F12477740900B1317E /* ContentView.swift in Sources */,
			);
			runOnlyForDeploymentPostprocessing = 0;
		};
		DC128404247780A100B1317E /* Sources */ = {
			isa = PBXSourcesBuildPhase;
			buildActionMask = 2147483647;
			files = (
				DC12840D247780A100B1317E /* ContentView.swift in Sources */,
				DC12840B247780A100B1317E /* AppDelegate.swift in Sources */,
			);
			runOnlyForDeploymentPostprocessing = 0;
		};
/* End PBXSourcesBuildPhase section */

/* Begin PBXVariantGroup section */
		DC1283F72477741000B1317E /* LaunchScreen.storyboard */ = {
			isa = PBXVariantGroup;
			children = (
				DC1283F82477741000B1317E /* Base */,
			);
			name = LaunchScreen.storyboard;
			sourceTree = "<group>";
		};
		DC128413247780A400B1317E /* Main.storyboard */ = {
			isa = PBXVariantGroup;
			children = (
				DC128414247780A400B1317E /* Base */,
			);
			name = Main.storyboard;
			sourceTree = "<group>";
		};
/* End PBXVariantGroup section */

/* Begin XCBuildConfiguration section */
		DC1283FB2477741000B1317E /* Debug */ = {
			isa = XCBuildConfiguration;
			buildSettings = {
				ALWAYS_SEARCH_USER_PATHS = NO;
				CLANG_ANALYZER_NONNULL = YES;
				CLANG_ANALYZER_NUMBER_OBJECT_CONVERSION = YES_AGGRESSIVE;
				CLANG_CXX_LANGUAGE_STANDARD = "gnu++14";
				CLANG_CXX_LIBRARY = "libc++";
				CLANG_ENABLE_MODULES = YES;
				CLANG_ENABLE_OBJC_ARC = YES;
				CLANG_ENABLE_OBJC_WEAK = YES;
				CLANG_WARN_BLOCK_CAPTURE_AUTORELEASING = YES;
				CLANG_WARN_BOOL_CONVERSION = YES;
				CLANG_WARN_COMMA = YES;
				CLANG_WARN_CONSTANT_CONVERSION = YES;
				CLANG_WARN_DEPRECATED_OBJC_IMPLEMENTATIONS = YES;
				CLANG_WARN_DIRECT_OBJC_ISA_USAGE = YES_ERROR;
				CLANG_WARN_DOCUMENTATION_COMMENTS = YES;
				CLANG_WARN_EMPTY_BODY = YES;
				CLANG_WARN_ENUM_CONVERSION = YES;
				CLANG_WARN_INFINITE_RECURSION = YES;
				CLANG_WARN_INT_CONVERSION = YES;
				CLANG_WARN_NON_LITERAL_NULL_CONVERSION = YES;
				CLANG_WARN_OBJC_IMPLICIT_RETAIN_SELF = YES;
				CLANG_WARN_OBJC_LITERAL_CONVERSION = YES;
				CLANG_WARN_OBJC_ROOT_CLASS = YES_ERROR;
				CLANG_WARN_RANGE_LOOP_ANALYSIS = YES;
				CLANG_WARN_STRICT_PROTOTYPES = YES;
				CLANG_WARN_SUSPICIOUS_MOVE = YES;
				CLANG_WARN_UNGUARDED_AVAILABILITY = YES_AGGRESSIVE;
				CLANG_WARN_UNREACHABLE_CODE = YES;
				CLANG_WARN__DUPLICATE_METHOD_MATCH = YES;
				COPY_PHASE_STRIP = NO;
				DEBUG_INFORMATION_FORMAT = dwarf;
				ENABLE_STRICT_OBJC_MSGSEND = YES;
				ENABLE_TESTABILITY = YES;
				GCC_C_LANGUAGE_STANDARD = gnu11;
				GCC_DYNAMIC_NO_PIC = NO;
				GCC_NO_COMMON_BLOCKS = YES;
				GCC_OPTIMIZATION_LEVEL = 0;
				GCC_PREPROCESSOR_DEFINITIONS = (
					"DEBUG=1",
					"$(inherited)",
				);
				GCC_WARN_64_TO_32_BIT_CONVERSION = YES;
				GCC_WARN_ABOUT_RETURN_TYPE = YES_ERROR;
				GCC_WARN_UNDECLARED_SELECTOR = YES;
				GCC_WARN_UNINITIALIZED_AUTOS = YES_AGGRESSIVE;
				GCC_WARN_UNUSED_FUNCTION = YES;
				GCC_WARN_UNUSED_VARIABLE = YES;
				IPHONEOS_DEPLOYMENT_TARGET = 13.2;
				MTL_ENABLE_DEBUG_INFO = INCLUDE_SOURCE;
				MTL_FAST_MATH = YES;
				ONLY_ACTIVE_ARCH = YES;
				SDKROOT = iphoneos;
				SWIFT_ACTIVE_COMPILATION_CONDITIONS = DEBUG;
				SWIFT_OPTIMIZATION_LEVEL = "-Onone";
			};
			name = Debug;
		};
		DC1283FC2477741000B1317E /* Release */ = {
			isa = XCBuildConfiguration;
			buildSettings = {
				ALWAYS_SEARCH_USER_PATHS = NO;
				CLANG_ANALYZER_NONNULL = YES;
				CLANG_ANALYZER_NUMBER_OBJECT_CONVERSION = YES_AGGRESSIVE;
				CLANG_CXX_LANGUAGE_STANDARD = "gnu++14";
				CLANG_CXX_LIBRARY = "libc++";
				CLANG_ENABLE_MODULES = YES;
				CLANG_ENABLE_OBJC_ARC = YES;
				CLANG_ENABLE_OBJC_WEAK = YES;
				CLANG_WARN_BLOCK_CAPTURE_AUTORELEASING = YES;
				CLANG_WARN_BOOL_CONVERSION = YES;
				CLANG_WARN_COMMA = YES;
				CLANG_WARN_CONSTANT_CONVERSION = YES;
				CLANG_WARN_DEPRECATED_OBJC_IMPLEMENTATIONS = YES;
				CLANG_WARN_DIRECT_OBJC_ISA_USAGE = YES_ERROR;
				CLANG_WARN_DOCUMENTATION_COMMENTS = YES;
				CLANG_WARN_EMPTY_BODY = YES;
				CLANG_WARN_ENUM_CONVERSION = YES;
				CLANG_WARN_INFINITE_RECURSION = YES;
				CLANG_WARN_INT_CONVERSION = YES;
				CLANG_WARN_NON_LITERAL_NULL_CONVERSION = YES;
				CLANG_WARN_OBJC_IMPLICIT_RETAIN_SELF = YES;
				CLANG_WARN_OBJC_LITERAL_CONVERSION = YES;
				CLANG_WARN_OBJC_ROOT_CLASS = YES_ERROR;
				CLANG_WARN_RANGE_LOOP_ANALYSIS = YES;
				CLANG_WARN_STRICT_PROTOTYPES = YES;
				CLANG_WARN_SUSPICIOUS_MOVE = YES;
				CLANG_WARN_UNGUARDED_AVAILABILITY = YES_AGGRESSIVE;
				CLANG_WARN_UNREACHABLE_CODE = YES;
				CLANG_WARN__DUPLICATE_METHOD_MATCH = YES;
				COPY_PHASE_STRIP = NO;
				DEBUG_INFORMATION_FORMAT = "dwarf-with-dsym";
				ENABLE_NS_ASSERTIONS = NO;
				ENABLE_STRICT_OBJC_MSGSEND = YES;
				GCC_C_LANGUAGE_STANDARD = gnu11;
				GCC_NO_COMMON_BLOCKS = YES;
				GCC_WARN_64_TO_32_BIT_CONVERSION = YES;
				GCC_WARN_ABOUT_RETURN_TYPE = YES_ERROR;
				GCC_WARN_UNDECLARED_SELECTOR = YES;
				GCC_WARN_UNINITIALIZED_AUTOS = YES_AGGRESSIVE;
				GCC_WARN_UNUSED_FUNCTION = YES;
				GCC_WARN_UNUSED_VARIABLE = YES;
				IPHONEOS_DEPLOYMENT_TARGET = 13.2;
				MTL_ENABLE_DEBUG_INFO = NO;
				MTL_FAST_MATH = YES;
				SDKROOT = iphoneos;
				SWIFT_COMPILATION_MODE = wholemodule;
				SWIFT_OPTIMIZATION_LEVEL = "-O";
				VALIDATE_PRODUCT = YES;
			};
			name = Release;
		};
		DC1283FE2477741000B1317E /* Debug */ = {
			isa = XCBuildConfiguration;
			buildSettings = {
				ASSETCATALOG_COMPILER_APPICON_NAME = AppIcon;
				CODE_SIGN_IDENTITY = "Apple Development";
				CODE_SIGN_STYLE = Automatic;
				DEVELOPMENT_ASSET_PATHS = "\"Tim-Bak-Toe/Preview Content\"";
				DEVELOPMENT_TEAM = 9P7CJ3Z2B8;
				ENABLE_PREVIEWS = YES;
				INFOPLIST_FILE = "Tim-Bak-Toe/Info.plist";
				LD_RUNPATH_SEARCH_PATHS = (
					"$(inherited)",
					"@executable_path/Frameworks",
				);
				PRODUCT_BUNDLE_IDENTIFIER = "indie.bulty.Tim-Bak-Toe";
				PRODUCT_NAME = "$(TARGET_NAME)";
				PROVISIONING_PROFILE_SPECIFIER = "";
				SWIFT_VERSION = 5.0;
				TARGETED_DEVICE_FAMILY = "1,2";
			};
			name = Debug;
		};
		DC1283FF2477741000B1317E /* Release */ = {
			isa = XCBuildConfiguration;
			buildSettings = {
				ASSETCATALOG_COMPILER_APPICON_NAME = AppIcon;
				CODE_SIGN_IDENTITY = "Apple Development";
				CODE_SIGN_STYLE = Automatic;
				DEVELOPMENT_ASSET_PATHS = "\"Tim-Bak-Toe/Preview Content\"";
				DEVELOPMENT_TEAM = 9P7CJ3Z2B8;
				ENABLE_PREVIEWS = YES;
				INFOPLIST_FILE = "Tim-Bak-Toe/Info.plist";
				LD_RUNPATH_SEARCH_PATHS = (
					"$(inherited)",
					"@executable_path/Frameworks",
				);
				PRODUCT_BUNDLE_IDENTIFIER = "indie.bulty.Tim-Bak-Toe";
				PRODUCT_NAME = "$(TARGET_NAME)";
				PROVISIONING_PROFILE_SPECIFIER = "";
				SWIFT_VERSION = 5.0;
				TARGETED_DEVICE_FAMILY = "1,2";
			};
			name = Release;
		};
		DC128419247780A500B1317E /* Debug */ = {
			isa = XCBuildConfiguration;
			buildSettings = {
				ASSETCATALOG_COMPILER_APPICON_NAME = AppIcon;
				CODE_SIGN_ENTITLEMENTS = "Tim-Bak-Toe-Mac/Tim_Bak_Toe_Mac.entitlements";
				CODE_SIGN_STYLE = Automatic;
				COMBINE_HIDPI_IMAGES = YES;
				DEVELOPMENT_ASSET_PATHS = "\"Tim-Bak-Toe-Mac/Preview Content\"";
				DEVELOPMENT_TEAM = 9P7CJ3Z2B8;
				ENABLE_HARDENED_RUNTIME = YES;
				ENABLE_PREVIEWS = YES;
				INFOPLIST_FILE = "Tim-Bak-Toe-Mac/Info.plist";
				LD_RUNPATH_SEARCH_PATHS = (
					"$(inherited)",
					"@executable_path/../Frameworks",
				);
				MACOSX_DEPLOYMENT_TARGET = 10.15;
				PRODUCT_BUNDLE_IDENTIFIER = "indie.bulty.Tim-Bak-Toe-Mac";
				PRODUCT_NAME = "$(TARGET_NAME)";
				SDKROOT = macosx;
				SWIFT_VERSION = 5.0;
			};
			name = Debug;
		};
		DC12841A247780A500B1317E /* Release */ = {
			isa = XCBuildConfiguration;
			buildSettings = {
				ASSETCATALOG_COMPILER_APPICON_NAME = AppIcon;
				CODE_SIGN_ENTITLEMENTS = "Tim-Bak-Toe-Mac/Tim_Bak_Toe_Mac.entitlements";
				CODE_SIGN_STYLE = Automatic;
				COMBINE_HIDPI_IMAGES = YES;
				DEVELOPMENT_ASSET_PATHS = "\"Tim-Bak-Toe-Mac/Preview Content\"";
				DEVELOPMENT_TEAM = 9P7CJ3Z2B8;
				ENABLE_HARDENED_RUNTIME = YES;
				ENABLE_PREVIEWS = YES;
				INFOPLIST_FILE = "Tim-Bak-Toe-Mac/Info.plist";
				LD_RUNPATH_SEARCH_PATHS = (
					"$(inherited)",
					"@executable_path/../Frameworks",
				);
				MACOSX_DEPLOYMENT_TARGET = 10.15;
				PRODUCT_BUNDLE_IDENTIFIER = "indie.bulty.Tim-Bak-Toe-Mac";
				PRODUCT_NAME = "$(TARGET_NAME)";
				SDKROOT = macosx;
				SWIFT_VERSION = 5.0;
			};
			name = Release;
		};
/* End XCBuildConfiguration section */

/* Begin XCConfigurationList section */
		DC1283E42477740900B1317E /* Build configuration list for PBXProject "Tim-Bak-Toe" */ = {
			isa = XCConfigurationList;
			buildConfigurations = (
				DC1283FB2477741000B1317E /* Debug */,
				DC1283FC2477741000B1317E /* Release */,
			);
			defaultConfigurationIsVisible = 0;
			defaultConfigurationName = Release;
		};
		DC1283FD2477741000B1317E /* Build configuration list for PBXNativeTarget "Tim-Bak-Toe" */ = {
			isa = XCConfigurationList;
			buildConfigurations = (
				DC1283FE2477741000B1317E /* Debug */,
				DC1283FF2477741000B1317E /* Release */,
			);
			defaultConfigurationIsVisible = 0;
			defaultConfigurationName = Release;
		};
		DC128418247780A500B1317E /* Build configuration list for PBXNativeTarget "Tim-Bak-Toe-Mac" */ = {
			isa = XCConfigurationList;
			buildConfigurations = (
				DC128419247780A500B1317E /* Debug */,
				DC12841A247780A500B1317E /* Release */,
			);
			defaultConfigurationIsVisible = 0;
			defaultConfigurationName = Release;
		};
/* End XCConfigurationList section */
	};
	rootObject = DC1283E12477740900B1317E /* Project object */;
}
