// !$*UTF8*$!
{
	archiveVersion = 1;
	classes = {
	};
	objectVersion = 50;
	objects = {

/* Begin PBXBuildFile section */
		DC08A1812489C71E00B8CE9D /* TimersContainerView.swift in Sources */ = {isa = PBXBuildFile; fileRef = DC08A1802489C71E00B8CE9D /* TimersContainerView.swift */; };
		DC08A189248A039C00B8CE9D /* XO3UITests.swift in Sources */ = {isa = PBXBuildFile; fileRef = DC08A188248A039C00B8CE9D /* XO3UITests.swift */; };
		DC08A192248A17DC00B8CE9D /* AccessibilityIdentifier.swift in Sources */ = {isa = PBXBuildFile; fileRef = DC08A191248A17DC00B8CE9D /* AccessibilityIdentifier.swift */; };
		DC08A193248A17DC00B8CE9D /* AccessibilityIdentifier.swift in Sources */ = {isa = PBXBuildFile; fileRef = DC08A191248A17DC00B8CE9D /* AccessibilityIdentifier.swift */; };
		DC08A198248B1BB700B8CE9D /* PieceViewState.swift in Sources */ = {isa = PBXBuildFile; fileRef = DC08A197248B1BB700B8CE9D /* PieceViewState.swift */; };
		DC08A19A248B1BE300B8CE9D /* PieceStyle.swift in Sources */ = {isa = PBXBuildFile; fileRef = DC08A199248B1BE300B8CE9D /* PieceStyle.swift */; };
		DC109C95247B00F100EBC286 /* TimerView.swift in Sources */ = {isa = PBXBuildFile; fileRef = DC109C94247B00F100EBC286 /* TimerView.swift */; };
		DC109C97247B066700EBC286 /* Animation+timingCurve.swift in Sources */ = {isa = PBXBuildFile; fileRef = DC109C96247B066700EBC286 /* Animation+timingCurve.swift */; };
		DC109C99247B264700EBC286 /* TimerViewModel.swift in Sources */ = {isa = PBXBuildFile; fileRef = DC109C98247B264700EBC286 /* TimerViewModel.swift */; };
		DC109C9B247B736400EBC286 /* WinnerView.swift in Sources */ = {isa = PBXBuildFile; fileRef = DC109C9A247B736400EBC286 /* WinnerView.swift */; };
		DC1283ED2477740900B1317E /* AppDelegate.swift in Sources */ = {isa = PBXBuildFile; fileRef = DC1283EC2477740900B1317E /* AppDelegate.swift */; };
		DC1283EF2477740900B1317E /* SceneDelegate.swift in Sources */ = {isa = PBXBuildFile; fileRef = DC1283EE2477740900B1317E /* SceneDelegate.swift */; };
		DC1283F12477740900B1317E /* ContentView.swift in Sources */ = {isa = PBXBuildFile; fileRef = DC1283F02477740900B1317E /* ContentView.swift */; };
		DC1283F32477741000B1317E /* Assets.xcassets in Resources */ = {isa = PBXBuildFile; fileRef = DC1283F22477741000B1317E /* Assets.xcassets */; };
		DC1283F62477741000B1317E /* Preview Assets.xcassets in Resources */ = {isa = PBXBuildFile; fileRef = DC1283F52477741000B1317E /* Preview Assets.xcassets */; };
		DC1283F92477741000B1317E /* LaunchScreen.storyboard in Resources */ = {isa = PBXBuildFile; fileRef = DC1283F72477741000B1317E /* LaunchScreen.storyboard */; };
		DC12841F24778FAE00B1317E /* GameView.swift in Sources */ = {isa = PBXBuildFile; fileRef = DC12841E24778FAE00B1317E /* GameView.swift */; };
		DC1284212477938B00B1317E /* PieceViewModel.swift in Sources */ = {isa = PBXBuildFile; fileRef = DC1284202477938B00B1317E /* PieceViewModel.swift */; };
		DC128423247793A600B1317E /* GameViewModel.swift in Sources */ = {isa = PBXBuildFile; fileRef = DC128422247793A600B1317E /* GameViewModel.swift */; };
		DC128425247793C300B1317E /* BoardCellViewModel.swift in Sources */ = {isa = PBXBuildFile; fileRef = DC128424247793C300B1317E /* BoardCellViewModel.swift */; };
		DC128427247793E000B1317E /* PieceView.swift in Sources */ = {isa = PBXBuildFile; fileRef = DC128426247793E000B1317E /* PieceView.swift */; };
		DC128429247793EF00B1317E /* BoardCellView.swift in Sources */ = {isa = PBXBuildFile; fileRef = DC128428247793EF00B1317E /* BoardCellView.swift */; };
		DC12842E2477A7E300B1317E /* GridStack.swift in Sources */ = {isa = PBXBuildFile; fileRef = DC12842D2477A7E300B1317E /* GridStack.swift */; };
		DC475117247B9B2D009FEE54 /* ScoreView.swift in Sources */ = {isa = PBXBuildFile; fileRef = DC475116247B9B2D009FEE54 /* ScoreView.swift */; };
		DC475119247B9C35009FEE54 /* PiecesContainerView.swift in Sources */ = {isa = PBXBuildFile; fileRef = DC475118247B9C35009FEE54 /* PiecesContainerView.swift */; };
		DC47511B247BA639009FEE54 /* BoardView.swift in Sources */ = {isa = PBXBuildFile; fileRef = DC47511A247BA639009FEE54 /* BoardView.swift */; };
		DC47511D247C62B8009FEE54 /* HomeScreen.swift in Sources */ = {isa = PBXBuildFile; fileRef = DC47511C247C62B8009FEE54 /* HomeScreen.swift */; };
		DC7E6FC524888ADC009039F6 /* SettingsScreen.swift in Sources */ = {isa = PBXBuildFile; fileRef = DC7E6FC424888ADC009039F6 /* SettingsScreen.swift */; };
		DC7E6FC724888AE9009039F6 /* OnboardingScreen.swift in Sources */ = {isa = PBXBuildFile; fileRef = DC7E6FC624888AE9009039F6 /* OnboardingScreen.swift */; };
		DCAA2F70248887AE001B69F1 /* GreenButton.swift in Sources */ = {isa = PBXBuildFile; fileRef = DCAA2F6F248887AE001B69F1 /* GreenButton.swift */; };
		DCAA2F772488890E001B69F1 /* SettingsButton.swift in Sources */ = {isa = PBXBuildFile; fileRef = DCAA2F762488890E001B69F1 /* SettingsButton.swift */; };
		DCC738BB24885DE800ADED0E /* Animations.swift in Sources */ = {isa = PBXBuildFile; fileRef = DCC738BA24885DE800ADED0E /* Animations.swift */; };
		DCF3D7352478F3E80071506A /* Theme.swift in Sources */ = {isa = PBXBuildFile; fileRef = DCF3D7342478F3E80071506A /* Theme.swift */; };
		DCF3D7372478F6A60071506A /* PreviewProviderHelper.swift in Sources */ = {isa = PBXBuildFile; fileRef = DCF3D7362478F6A60071506A /* PreviewProviderHelper.swift */; };
		DCF3D75924799D130071506A /* CommonExtensions.swift in Sources */ = {isa = PBXBuildFile; fileRef = DCF3D75824799D130071506A /* CommonExtensions.swift */; };
		DCF3D75B2479DB390071506A /* Constants.swift in Sources */ = {isa = PBXBuildFile; fileRef = DCF3D75A2479DB390071506A /* Constants.swift */; };
		DCF3D75D2479FA5B0071506A /* GameSettings.swift in Sources */ = {isa = PBXBuildFile; fileRef = DCF3D75C2479FA5B0071506A /* GameSettings.swift */; };
/* End PBXBuildFile section */

/* Begin PBXContainerItemProxy section */
		DC08A18B248A039C00B8CE9D /* PBXContainerItemProxy */ = {
			isa = PBXContainerItemProxy;
			containerPortal = DC1283E12477740900B1317E /* Project object */;
			proxyType = 1;
			remoteGlobalIDString = DC1283E82477740900B1317E;
			remoteInfo = XO3;
		};
/* End PBXContainerItemProxy section */

/* Begin PBXFileReference section */
		DC08A1802489C71E00B8CE9D /* TimersContainerView.swift */ = {isa = PBXFileReference; lastKnownFileType = sourcecode.swift; path = TimersContainerView.swift; sourceTree = "<group>"; };
		DC08A186248A039C00B8CE9D /* XO3UITests.xctest */ = {isa = PBXFileReference; explicitFileType = wrapper.cfbundle; includeInIndex = 0; path = XO3UITests.xctest; sourceTree = BUILT_PRODUCTS_DIR; };
		DC08A188248A039C00B8CE9D /* XO3UITests.swift */ = {isa = PBXFileReference; lastKnownFileType = sourcecode.swift; path = XO3UITests.swift; sourceTree = "<group>"; };
		DC08A18A248A039C00B8CE9D /* Info.plist */ = {isa = PBXFileReference; lastKnownFileType = text.plist.xml; path = Info.plist; sourceTree = "<group>"; };
		DC08A191248A17DC00B8CE9D /* AccessibilityIdentifier.swift */ = {isa = PBXFileReference; lastKnownFileType = sourcecode.swift; path = AccessibilityIdentifier.swift; sourceTree = "<group>"; };
		DC08A197248B1BB700B8CE9D /* PieceViewState.swift */ = {isa = PBXFileReference; lastKnownFileType = sourcecode.swift; path = PieceViewState.swift; sourceTree = "<group>"; };
		DC08A199248B1BE300B8CE9D /* PieceStyle.swift */ = {isa = PBXFileReference; lastKnownFileType = sourcecode.swift; path = PieceStyle.swift; sourceTree = "<group>"; };
		DC109C94247B00F100EBC286 /* TimerView.swift */ = {isa = PBXFileReference; lastKnownFileType = sourcecode.swift; path = TimerView.swift; sourceTree = "<group>"; };
		DC109C96247B066700EBC286 /* Animation+timingCurve.swift */ = {isa = PBXFileReference; lastKnownFileType = sourcecode.swift; path = "Animation+timingCurve.swift"; sourceTree = "<group>"; };
		DC109C98247B264700EBC286 /* TimerViewModel.swift */ = {isa = PBXFileReference; lastKnownFileType = sourcecode.swift; path = TimerViewModel.swift; sourceTree = "<group>"; };
		DC109C9A247B736400EBC286 /* WinnerView.swift */ = {isa = PBXFileReference; lastKnownFileType = sourcecode.swift; path = WinnerView.swift; sourceTree = "<group>"; };
		DC1283E92477740900B1317E /* XO3.app */ = {isa = PBXFileReference; explicitFileType = wrapper.application; includeInIndex = 0; path = XO3.app; sourceTree = BUILT_PRODUCTS_DIR; };
		DC1283EC2477740900B1317E /* AppDelegate.swift */ = {isa = PBXFileReference; lastKnownFileType = sourcecode.swift; path = AppDelegate.swift; sourceTree = "<group>"; };
		DC1283EE2477740900B1317E /* SceneDelegate.swift */ = {isa = PBXFileReference; lastKnownFileType = sourcecode.swift; path = SceneDelegate.swift; sourceTree = "<group>"; };
		DC1283F02477740900B1317E /* ContentView.swift */ = {isa = PBXFileReference; lastKnownFileType = sourcecode.swift; path = ContentView.swift; sourceTree = "<group>"; };
		DC1283F22477741000B1317E /* Assets.xcassets */ = {isa = PBXFileReference; lastKnownFileType = folder.assetcatalog; path = Assets.xcassets; sourceTree = "<group>"; };
		DC1283F52477741000B1317E /* Preview Assets.xcassets */ = {isa = PBXFileReference; lastKnownFileType = folder.assetcatalog; path = "Preview Assets.xcassets"; sourceTree = "<group>"; };
		DC1283F82477741000B1317E /* Base */ = {isa = PBXFileReference; lastKnownFileType = file.storyboard; name = Base; path = Base.lproj/LaunchScreen.storyboard; sourceTree = "<group>"; };
		DC1283FA2477741000B1317E /* Info.plist */ = {isa = PBXFileReference; lastKnownFileType = text.plist.xml; path = Info.plist; sourceTree = "<group>"; };
		DC12841E24778FAE00B1317E /* GameView.swift */ = {isa = PBXFileReference; lastKnownFileType = sourcecode.swift; path = GameView.swift; sourceTree = "<group>"; };
		DC1284202477938B00B1317E /* PieceViewModel.swift */ = {isa = PBXFileReference; lastKnownFileType = sourcecode.swift; path = PieceViewModel.swift; sourceTree = "<group>"; };
		DC128422247793A600B1317E /* GameViewModel.swift */ = {isa = PBXFileReference; lastKnownFileType = sourcecode.swift; path = GameViewModel.swift; sourceTree = "<group>"; };
		DC128424247793C300B1317E /* BoardCellViewModel.swift */ = {isa = PBXFileReference; lastKnownFileType = sourcecode.swift; path = BoardCellViewModel.swift; sourceTree = "<group>"; };
		DC128426247793E000B1317E /* PieceView.swift */ = {isa = PBXFileReference; lastKnownFileType = sourcecode.swift; path = PieceView.swift; sourceTree = "<group>"; };
		DC128428247793EF00B1317E /* BoardCellView.swift */ = {isa = PBXFileReference; lastKnownFileType = sourcecode.swift; path = BoardCellView.swift; sourceTree = "<group>"; };
		DC12842D2477A7E300B1317E /* GridStack.swift */ = {isa = PBXFileReference; fileEncoding = 4; lastKnownFileType = sourcecode.swift; path = GridStack.swift; sourceTree = "<group>"; };
		DC475116247B9B2D009FEE54 /* ScoreView.swift */ = {isa = PBXFileReference; lastKnownFileType = sourcecode.swift; path = ScoreView.swift; sourceTree = "<group>"; };
		DC475118247B9C35009FEE54 /* PiecesContainerView.swift */ = {isa = PBXFileReference; lastKnownFileType = sourcecode.swift; path = PiecesContainerView.swift; sourceTree = "<group>"; };
		DC47511A247BA639009FEE54 /* BoardView.swift */ = {isa = PBXFileReference; lastKnownFileType = sourcecode.swift; path = BoardView.swift; sourceTree = "<group>"; };
		DC47511C247C62B8009FEE54 /* HomeScreen.swift */ = {isa = PBXFileReference; lastKnownFileType = sourcecode.swift; path = HomeScreen.swift; sourceTree = "<group>"; };
		DC7E6FC424888ADC009039F6 /* SettingsScreen.swift */ = {isa = PBXFileReference; lastKnownFileType = sourcecode.swift; path = SettingsScreen.swift; sourceTree = "<group>"; };
		DC7E6FC624888AE9009039F6 /* OnboardingScreen.swift */ = {isa = PBXFileReference; lastKnownFileType = sourcecode.swift; path = OnboardingScreen.swift; sourceTree = "<group>"; };
		DCAA2F6F248887AE001B69F1 /* GreenButton.swift */ = {isa = PBXFileReference; lastKnownFileType = sourcecode.swift; path = GreenButton.swift; sourceTree = "<group>"; };
		DCAA2F762488890E001B69F1 /* SettingsButton.swift */ = {isa = PBXFileReference; lastKnownFileType = sourcecode.swift; path = SettingsButton.swift; sourceTree = "<group>"; };
		DCC738BA24885DE800ADED0E /* Animations.swift */ = {isa = PBXFileReference; lastKnownFileType = sourcecode.swift; path = Animations.swift; sourceTree = "<group>"; };
		DCF3D7342478F3E80071506A /* Theme.swift */ = {isa = PBXFileReference; lastKnownFileType = sourcecode.swift; path = Theme.swift; sourceTree = "<group>"; };
		DCF3D7362478F6A60071506A /* PreviewProviderHelper.swift */ = {isa = PBXFileReference; lastKnownFileType = sourcecode.swift; path = PreviewProviderHelper.swift; sourceTree = "<group>"; };
		DCF3D75824799D130071506A /* CommonExtensions.swift */ = {isa = PBXFileReference; lastKnownFileType = sourcecode.swift; path = CommonExtensions.swift; sourceTree = "<group>"; };
		DCF3D75A2479DB390071506A /* Constants.swift */ = {isa = PBXFileReference; lastKnownFileType = sourcecode.swift; path = Constants.swift; sourceTree = "<group>"; };
		DCF3D75C2479FA5B0071506A /* GameSettings.swift */ = {isa = PBXFileReference; lastKnownFileType = sourcecode.swift; path = GameSettings.swift; sourceTree = "<group>"; };
/* End PBXFileReference section */

/* Begin PBXFrameworksBuildPhase section */
		DC08A183248A039C00B8CE9D /* Frameworks */ = {
			isa = PBXFrameworksBuildPhase;
			buildActionMask = 2147483647;
			files = (
			);
			runOnlyForDeploymentPostprocessing = 0;
		};
		DC1283E62477740900B1317E /* Frameworks */ = {
			isa = PBXFrameworksBuildPhase;
			buildActionMask = 2147483647;
			files = (
			);
			runOnlyForDeploymentPostprocessing = 0;
		};
/* End PBXFrameworksBuildPhase section */

/* Begin PBXGroup section */
		DC08A187248A039C00B8CE9D /* XO3UITests */ = {
			isa = PBXGroup;
			children = (
				DC08A190248A17B000B8CE9D /* Screens */,
				DC08A188248A039C00B8CE9D /* XO3UITests.swift */,
				DC08A18A248A039C00B8CE9D /* Info.plist */,
			);
			path = XO3UITests;
			sourceTree = "<group>";
		};
		DC08A190248A17B000B8CE9D /* Screens */ = {
			isa = PBXGroup;
			children = (
			);
			path = Screens;
			sourceTree = "<group>";
		};
		DC08A196248B1B9A00B8CE9D /* PieceView */ = {
			isa = PBXGroup;
			children = (
				DC128426247793E000B1317E /* PieceView.swift */,
				DC08A197248B1BB700B8CE9D /* PieceViewState.swift */,
				DC08A199248B1BE300B8CE9D /* PieceStyle.swift */,
			);
			path = PieceView;
			sourceTree = "<group>";
		};
		DC1283E02477740900B1317E = {
			isa = PBXGroup;
			children = (
				DC1283EB2477740900B1317E /* Tim-Bak-Toe */,
				DC08A187248A039C00B8CE9D /* XO3UITests */,
				DC1283EA2477740900B1317E /* Products */,
			);
			sourceTree = "<group>";
		};
		DC1283EA2477740900B1317E /* Products */ = {
			isa = PBXGroup;
			children = (
				DC1283E92477740900B1317E /* XO3.app */,
				DC08A186248A039C00B8CE9D /* XO3UITests.xctest */,
			);
			name = Products;
			sourceTree = "<group>";
		};
		DC1283EB2477740900B1317E /* Tim-Bak-Toe */ = {
			isa = PBXGroup;
			children = (
				DC12842A2477A71B00B1317E /* Helpers */,
				DC1284002477750800B1317E /* Models */,
				DC1284032477753600B1317E /* ViewModels */,
				DC1284012477751400B1317E /* Views */,
				DC1284022477752900B1317E /* Supporting Files */,
				DC1283F42477741000B1317E /* Preview Content */,
				DC08A191248A17DC00B8CE9D /* AccessibilityIdentifier.swift */,
			);
			path = "Tim-Bak-Toe";
			sourceTree = "<group>";
		};
		DC1283F42477741000B1317E /* Preview Content */ = {
			isa = PBXGroup;
			children = (
				DC1283F52477741000B1317E /* Preview Assets.xcassets */,
			);
			path = "Preview Content";
			sourceTree = "<group>";
		};
		DC1284002477750800B1317E /* Models */ = {
			isa = PBXGroup;
			children = (
				DCF3D75C2479FA5B0071506A /* GameSettings.swift */,
			);
			path = Models;
			sourceTree = "<group>";
		};
		DC1284012477751400B1317E /* Views */ = {
			isa = PBXGroup;
			children = (
				DCAA2F6E2488876D001B69F1 /* Common Subviews */,
				DCAA2F6D24888762001B69F1 /* Screens */,
			);
			path = Views;
			sourceTree = "<group>";
		};
		DC1284022477752900B1317E /* Supporting Files */ = {
			isa = PBXGroup;
			children = (
				DC1283EC2477740900B1317E /* AppDelegate.swift */,
				DC1283EE2477740900B1317E /* SceneDelegate.swift */,
				DC1283F22477741000B1317E /* Assets.xcassets */,
				DC1283F72477741000B1317E /* LaunchScreen.storyboard */,
				DC1283FA2477741000B1317E /* Info.plist */,
			);
			name = "Supporting Files";
			sourceTree = "<group>";
		};
		DC1284032477753600B1317E /* ViewModels */ = {
			isa = PBXGroup;
			children = (
				DC128424247793C300B1317E /* BoardCellViewModel.swift */,
				DC128422247793A600B1317E /* GameViewModel.swift */,
				DC1284202477938B00B1317E /* PieceViewModel.swift */,
				DC109C98247B264700EBC286 /* TimerViewModel.swift */,
			);
			path = ViewModels;
			sourceTree = "<group>";
		};
		DC12842A2477A71B00B1317E /* Helpers */ = {
			isa = PBXGroup;
			children = (
				DC12842D2477A7E300B1317E /* GridStack.swift */,
				DCF3D7342478F3E80071506A /* Theme.swift */,
				DCF3D7362478F6A60071506A /* PreviewProviderHelper.swift */,
				DCF3D75824799D130071506A /* CommonExtensions.swift */,
				DCF3D75A2479DB390071506A /* Constants.swift */,
				DC109C96247B066700EBC286 /* Animation+timingCurve.swift */,
				DCC738BA24885DE800ADED0E /* Animations.swift */,
			);
			path = Helpers;
			sourceTree = "<group>";
		};
		DC7E6FC224888AB7009039F6 /* SettingsScreen */ = {
			isa = PBXGroup;
			children = (
				DC7E6FC424888ADC009039F6 /* SettingsScreen.swift */,
			);
			path = SettingsScreen;
			sourceTree = "<group>";
		};
		DC7E6FC324888ABF009039F6 /* OnboardingScreen */ = {
			isa = PBXGroup;
			children = (
				DC7E6FC624888AE9009039F6 /* OnboardingScreen.swift */,
			);
			path = OnboardingScreen;
			sourceTree = "<group>";
		};
		DCAA2F6D24888762001B69F1 /* Screens */ = {
			isa = PBXGroup;
			children = (
				DC7E6FC324888ABF009039F6 /* OnboardingScreen */,
				DC7E6FC224888AB7009039F6 /* SettingsScreen */,
				DCAA2F7124888873001B69F1 /* GameView */,
				DCAA2F7324888893001B69F1 /* HomeScreen */,
				DCAA2F722488888C001B69F1 /* WinnerView */,
				DC1283F02477740900B1317E /* ContentView.swift */,
			);
			path = Screens;
			sourceTree = "<group>";
		};
		DCAA2F6E2488876D001B69F1 /* Common Subviews */ = {
			isa = PBXGroup;
			children = (
				DC128428247793EF00B1317E /* BoardCellView.swift */,
				DC47511A247BA639009FEE54 /* BoardView.swift */,
			);
			path = "Common Subviews";
			sourceTree = "<group>";
		};
		DCAA2F7124888873001B69F1 /* GameView */ = {
			isa = PBXGroup;
			children = (
				DC12841E24778FAE00B1317E /* GameView.swift */,
				DCAA2F75248888BB001B69F1 /* Subviews */,
			);
			path = GameView;
			sourceTree = "<group>";
		};
		DCAA2F722488888C001B69F1 /* WinnerView */ = {
			isa = PBXGroup;
			children = (
				DC109C9A247B736400EBC286 /* WinnerView.swift */,
			);
			path = WinnerView;
			sourceTree = "<group>";
		};
		DCAA2F7324888893001B69F1 /* HomeScreen */ = {
			isa = PBXGroup;
			children = (
				DC47511C247C62B8009FEE54 /* HomeScreen.swift */,
				DCAA2F74248888B5001B69F1 /* Subviews */,
			);
			path = HomeScreen;
			sourceTree = "<group>";
		};
		DCAA2F74248888B5001B69F1 /* Subviews */ = {
			isa = PBXGroup;
			children = (
				DCAA2F6F248887AE001B69F1 /* GreenButton.swift */,
				DCAA2F762488890E001B69F1 /* SettingsButton.swift */,
			);
			path = Subviews;
			sourceTree = "<group>";
		};
		DCAA2F75248888BB001B69F1 /* Subviews */ = {
			isa = PBXGroup;
			children = (
				DC08A196248B1B9A00B8CE9D /* PieceView */,
				DC475118247B9C35009FEE54 /* PiecesContainerView.swift */,
				DC475116247B9B2D009FEE54 /* ScoreView.swift */,
				DC109C94247B00F100EBC286 /* TimerView.swift */,
				DC08A1802489C71E00B8CE9D /* TimersContainerView.swift */,
			);
			path = Subviews;
			sourceTree = "<group>";
		};
/* End PBXGroup section */

/* Begin PBXNativeTarget section */
		DC08A185248A039C00B8CE9D /* XO3UITests */ = {
			isa = PBXNativeTarget;
			buildConfigurationList = DC08A18F248A039C00B8CE9D /* Build configuration list for PBXNativeTarget "XO3UITests" */;
			buildPhases = (
				DC08A182248A039C00B8CE9D /* Sources */,
				DC08A183248A039C00B8CE9D /* Frameworks */,
				DC08A184248A039C00B8CE9D /* Resources */,
			);
			buildRules = (
			);
			dependencies = (
				DC08A18C248A039C00B8CE9D /* PBXTargetDependency */,
			);
			name = XO3UITests;
			productName = XO3UITests;
			productReference = DC08A186248A039C00B8CE9D /* XO3UITests.xctest */;
			productType = "com.apple.product-type.bundle.ui-testing";
		};
		DC1283E82477740900B1317E /* XO3 */ = {
			isa = PBXNativeTarget;
			buildConfigurationList = DC1283FD2477741000B1317E /* Build configuration list for PBXNativeTarget "XO3" */;
			buildPhases = (
				DC1283E52477740900B1317E /* Sources */,
				DC1283E62477740900B1317E /* Frameworks */,
				DC1283E72477740900B1317E /* Resources */,
				DCF9592D248755D50011B2E5 /* Set build Number */,
			);
			buildRules = (
			);
			dependencies = (
			);
			name = XO3;
			productName = "Tim-Bak-Toe";
			productReference = DC1283E92477740900B1317E /* XO3.app */;
			productType = "com.apple.product-type.application";
		};
/* End PBXNativeTarget section */

/* Begin PBXProject section */
		DC1283E12477740900B1317E /* Project object */ = {
			isa = PBXProject;
			attributes = {
				LastSwiftUpdateCheck = 1150;
				LastUpgradeCheck = 1150;
				ORGANIZATIONNAME = "v-i-s-h-a-l";
				TargetAttributes = {
					DC08A185248A039C00B8CE9D = {
						CreatedOnToolsVersion = 11.5;
						TestTargetID = DC1283E82477740900B1317E;
					};
					DC1283E82477740900B1317E = {
						CreatedOnToolsVersion = 11.2.1;
					};
				};
			};
			buildConfigurationList = DC1283E42477740900B1317E /* Build configuration list for PBXProject "Tim-Bak-Toe" */;
			compatibilityVersion = "Xcode 9.3";
			developmentRegion = en;
			hasScannedForEncodings = 0;
			knownRegions = (
				en,
				Base,
			);
			mainGroup = DC1283E02477740900B1317E;
			productRefGroup = DC1283EA2477740900B1317E /* Products */;
			projectDirPath = "";
			projectRoot = "";
			targets = (
				DC1283E82477740900B1317E /* XO3 */,
				DC08A185248A039C00B8CE9D /* XO3UITests */,
			);
		};
/* End PBXProject section */

/* Begin PBXResourcesBuildPhase section */
		DC08A184248A039C00B8CE9D /* Resources */ = {
			isa = PBXResourcesBuildPhase;
			buildActionMask = 2147483647;
			files = (
			);
			runOnlyForDeploymentPostprocessing = 0;
		};
		DC1283E72477740900B1317E /* Resources */ = {
			isa = PBXResourcesBuildPhase;
			buildActionMask = 2147483647;
			files = (
				DC1283F92477741000B1317E /* LaunchScreen.storyboard in Resources */,
				DC1283F62477741000B1317E /* Preview Assets.xcassets in Resources */,
				DC1283F32477741000B1317E /* Assets.xcassets in Resources */,
			);
			runOnlyForDeploymentPostprocessing = 0;
		};
/* End PBXResourcesBuildPhase section */

/* Begin PBXShellScriptBuildPhase section */
		DCF9592D248755D50011B2E5 /* Set build Number */ = {
			isa = PBXShellScriptBuildPhase;
			buildActionMask = 2147483647;
			files = (
			);
			inputFileListPaths = (
			);
			inputPaths = (
			);
			name = "Set build Number";
			outputFileListPaths = (
			);
			outputPaths = (
			);
			runOnlyForDeploymentPostprocessing = 0;
			shellPath = /bin/sh;
			shellScript = "# Type a script or drag a script file from your workspace to insert its path.\n/bin/sh $SRCROOT/Scripts/SetBuildNumber.sh\n";
		};
/* End PBXShellScriptBuildPhase section */

/* Begin PBXSourcesBuildPhase section */
		DC08A182248A039C00B8CE9D /* Sources */ = {
			isa = PBXSourcesBuildPhase;
			buildActionMask = 2147483647;
			files = (
				DC08A189248A039C00B8CE9D /* XO3UITests.swift in Sources */,
				DC08A193248A17DC00B8CE9D /* AccessibilityIdentifier.swift in Sources */,
			);
			runOnlyForDeploymentPostprocessing = 0;
		};
		DC1283E52477740900B1317E /* Sources */ = {
			isa = PBXSourcesBuildPhase;
			buildActionMask = 2147483647;
			files = (
				DC12842E2477A7E300B1317E /* GridStack.swift in Sources */,
				DC7E6FC524888ADC009039F6 /* SettingsScreen.swift in Sources */,
				DC08A19A248B1BE300B8CE9D /* PieceStyle.swift in Sources */,
				DC128429247793EF00B1317E /* BoardCellView.swift in Sources */,
				DCF3D75D2479FA5B0071506A /* GameSettings.swift in Sources */,
				DC128423247793A600B1317E /* GameViewModel.swift in Sources */,
				DC1283ED2477740900B1317E /* AppDelegate.swift in Sources */,
				DCF3D7352478F3E80071506A /* Theme.swift in Sources */,
				DC08A192248A17DC00B8CE9D /* AccessibilityIdentifier.swift in Sources */,
				DC1283EF2477740900B1317E /* SceneDelegate.swift in Sources */,
				DC109C95247B00F100EBC286 /* TimerView.swift in Sources */,
				DC109C97247B066700EBC286 /* Animation+timingCurve.swift in Sources */,
				DC475117247B9B2D009FEE54 /* ScoreView.swift in Sources */,
				DC128427247793E000B1317E /* PieceView.swift in Sources */,
				DCAA2F70248887AE001B69F1 /* GreenButton.swift in Sources */,
				DC47511B247BA639009FEE54 /* BoardView.swift in Sources */,
				DC12841F24778FAE00B1317E /* GameView.swift in Sources */,
				DC1284212477938B00B1317E /* PieceViewModel.swift in Sources */,
				DCC738BB24885DE800ADED0E /* Animations.swift in Sources */,
				DC109C9B247B736400EBC286 /* WinnerView.swift in Sources */,
				DC08A1812489C71E00B8CE9D /* TimersContainerView.swift in Sources */,
				DC08A198248B1BB700B8CE9D /* PieceViewState.swift in Sources */,
				DC128425247793C300B1317E /* BoardCellViewModel.swift in Sources */,
				DCAA2F772488890E001B69F1 /* SettingsButton.swift in Sources */,
				DC1283F12477740900B1317E /* ContentView.swift in Sources */,
				DCF3D75B2479DB390071506A /* Constants.swift in Sources */,
				DC109C99247B264700EBC286 /* TimerViewModel.swift in Sources */,
				DC47511D247C62B8009FEE54 /* HomeScreen.swift in Sources */,
				DC7E6FC724888AE9009039F6 /* OnboardingScreen.swift in Sources */,
				DCF3D75924799D130071506A /* CommonExtensions.swift in Sources */,
				DCF3D7372478F6A60071506A /* PreviewProviderHelper.swift in Sources */,
				DC475119247B9C35009FEE54 /* PiecesContainerView.swift in Sources */,
			);
			runOnlyForDeploymentPostprocessing = 0;
		};
/* End PBXSourcesBuildPhase section */

/* Begin PBXTargetDependency section */
		DC08A18C248A039C00B8CE9D /* PBXTargetDependency */ = {
			isa = PBXTargetDependency;
			target = DC1283E82477740900B1317E /* XO3 */;
			targetProxy = DC08A18B248A039C00B8CE9D /* PBXContainerItemProxy */;
		};
/* End PBXTargetDependency section */

/* Begin PBXVariantGroup section */
		DC1283F72477741000B1317E /* LaunchScreen.storyboard */ = {
			isa = PBXVariantGroup;
			children = (
				DC1283F82477741000B1317E /* Base */,
			);
			name = LaunchScreen.storyboard;
			sourceTree = "<group>";
		};
/* End PBXVariantGroup section */

/* Begin XCBuildConfiguration section */
		DC08A18D248A039C00B8CE9D /* Debug */ = {
			isa = XCBuildConfiguration;
			buildSettings = {
				CODE_SIGN_STYLE = Automatic;
				DEVELOPMENT_TEAM = 9P7CJ3Z2B8;
				INFOPLIST_FILE = XO3UITests/Info.plist;
				IPHONEOS_DEPLOYMENT_TARGET = 13.5;
				LD_RUNPATH_SEARCH_PATHS = (
					"$(inherited)",
					"@executable_path/Frameworks",
					"@loader_path/Frameworks",
				);
				PRODUCT_BUNDLE_IDENTIFIER = indie.bulty.XO3UITests;
				PRODUCT_NAME = "$(TARGET_NAME)";
				SWIFT_VERSION = 5.0;
				TARGETED_DEVICE_FAMILY = "1,2";
				TEST_TARGET_NAME = XO3;
			};
			name = Debug;
		};
		DC08A18E248A039C00B8CE9D /* Release */ = {
			isa = XCBuildConfiguration;
			buildSettings = {
				CODE_SIGN_STYLE = Automatic;
				DEVELOPMENT_TEAM = 9P7CJ3Z2B8;
				INFOPLIST_FILE = XO3UITests/Info.plist;
				IPHONEOS_DEPLOYMENT_TARGET = 13.5;
				LD_RUNPATH_SEARCH_PATHS = (
					"$(inherited)",
					"@executable_path/Frameworks",
					"@loader_path/Frameworks",
				);
				PRODUCT_BUNDLE_IDENTIFIER = indie.bulty.XO3UITests;
				PRODUCT_NAME = "$(TARGET_NAME)";
				SWIFT_VERSION = 5.0;
				TARGETED_DEVICE_FAMILY = "1,2";
				TEST_TARGET_NAME = XO3;
			};
			name = Release;
		};
		DC1283FB2477741000B1317E /* Debug */ = {
			isa = XCBuildConfiguration;
			buildSettings = {
				ALWAYS_SEARCH_USER_PATHS = NO;
				CLANG_ANALYZER_NONNULL = YES;
				CLANG_ANALYZER_NUMBER_OBJECT_CONVERSION = YES_AGGRESSIVE;
				CLANG_CXX_LANGUAGE_STANDARD = "gnu++14";
				CLANG_CXX_LIBRARY = "libc++";
				CLANG_ENABLE_MODULES = YES;
				CLANG_ENABLE_OBJC_ARC = YES;
				CLANG_ENABLE_OBJC_WEAK = YES;
				CLANG_WARN_BLOCK_CAPTURE_AUTORELEASING = YES;
				CLANG_WARN_BOOL_CONVERSION = YES;
				CLANG_WARN_COMMA = YES;
				CLANG_WARN_CONSTANT_CONVERSION = YES;
				CLANG_WARN_DEPRECATED_OBJC_IMPLEMENTATIONS = YES;
				CLANG_WARN_DIRECT_OBJC_ISA_USAGE = YES_ERROR;
				CLANG_WARN_DOCUMENTATION_COMMENTS = YES;
				CLANG_WARN_EMPTY_BODY = YES;
				CLANG_WARN_ENUM_CONVERSION = YES;
				CLANG_WARN_INFINITE_RECURSION = YES;
				CLANG_WARN_INT_CONVERSION = YES;
				CLANG_WARN_NON_LITERAL_NULL_CONVERSION = YES;
				CLANG_WARN_OBJC_IMPLICIT_RETAIN_SELF = YES;
				CLANG_WARN_OBJC_LITERAL_CONVERSION = YES;
				CLANG_WARN_OBJC_ROOT_CLASS = YES_ERROR;
				CLANG_WARN_RANGE_LOOP_ANALYSIS = YES;
				CLANG_WARN_STRICT_PROTOTYPES = YES;
				CLANG_WARN_SUSPICIOUS_MOVE = YES;
				CLANG_WARN_UNGUARDED_AVAILABILITY = YES_AGGRESSIVE;
				CLANG_WARN_UNREACHABLE_CODE = YES;
				CLANG_WARN__DUPLICATE_METHOD_MATCH = YES;
				COPY_PHASE_STRIP = NO;
				DEBUG_INFORMATION_FORMAT = dwarf;
				ENABLE_STRICT_OBJC_MSGSEND = YES;
				ENABLE_TESTABILITY = YES;
				GCC_C_LANGUAGE_STANDARD = gnu11;
				GCC_DYNAMIC_NO_PIC = NO;
				GCC_NO_COMMON_BLOCKS = YES;
				GCC_OPTIMIZATION_LEVEL = 0;
				GCC_PREPROCESSOR_DEFINITIONS = (
					"DEBUG=1",
					"$(inherited)",
				);
				GCC_WARN_64_TO_32_BIT_CONVERSION = YES;
				GCC_WARN_ABOUT_RETURN_TYPE = YES_ERROR;
				GCC_WARN_UNDECLARED_SELECTOR = YES;
				GCC_WARN_UNINITIALIZED_AUTOS = YES_AGGRESSIVE;
				GCC_WARN_UNUSED_FUNCTION = YES;
				GCC_WARN_UNUSED_VARIABLE = YES;
				IPHONEOS_DEPLOYMENT_TARGET = 13.2;
				MTL_ENABLE_DEBUG_INFO = INCLUDE_SOURCE;
				MTL_FAST_MATH = YES;
				ONLY_ACTIVE_ARCH = YES;
				SDKROOT = iphoneos;
				SWIFT_ACTIVE_COMPILATION_CONDITIONS = DEBUG;
				SWIFT_OPTIMIZATION_LEVEL = "-Onone";
			};
			name = Debug;
		};
		DC1283FC2477741000B1317E /* Release */ = {
			isa = XCBuildConfiguration;
			buildSettings = {
				ALWAYS_SEARCH_USER_PATHS = NO;
				CLANG_ANALYZER_NONNULL = YES;
				CLANG_ANALYZER_NUMBER_OBJECT_CONVERSION = YES_AGGRESSIVE;
				CLANG_CXX_LANGUAGE_STANDARD = "gnu++14";
				CLANG_CXX_LIBRARY = "libc++";
				CLANG_ENABLE_MODULES = YES;
				CLANG_ENABLE_OBJC_ARC = YES;
				CLANG_ENABLE_OBJC_WEAK = YES;
				CLANG_WARN_BLOCK_CAPTURE_AUTORELEASING = YES;
				CLANG_WARN_BOOL_CONVERSION = YES;
				CLANG_WARN_COMMA = YES;
				CLANG_WARN_CONSTANT_CONVERSION = YES;
				CLANG_WARN_DEPRECATED_OBJC_IMPLEMENTATIONS = YES;
				CLANG_WARN_DIRECT_OBJC_ISA_USAGE = YES_ERROR;
				CLANG_WARN_DOCUMENTATION_COMMENTS = YES;
				CLANG_WARN_EMPTY_BODY = YES;
				CLANG_WARN_ENUM_CONVERSION = YES;
				CLANG_WARN_INFINITE_RECURSION = YES;
				CLANG_WARN_INT_CONVERSION = YES;
				CLANG_WARN_NON_LITERAL_NULL_CONVERSION = YES;
				CLANG_WARN_OBJC_IMPLICIT_RETAIN_SELF = YES;
				CLANG_WARN_OBJC_LITERAL_CONVERSION = YES;
				CLANG_WARN_OBJC_ROOT_CLASS = YES_ERROR;
				CLANG_WARN_RANGE_LOOP_ANALYSIS = YES;
				CLANG_WARN_STRICT_PROTOTYPES = YES;
				CLANG_WARN_SUSPICIOUS_MOVE = YES;
				CLANG_WARN_UNGUARDED_AVAILABILITY = YES_AGGRESSIVE;
				CLANG_WARN_UNREACHABLE_CODE = YES;
				CLANG_WARN__DUPLICATE_METHOD_MATCH = YES;
				COPY_PHASE_STRIP = NO;
				DEBUG_INFORMATION_FORMAT = "dwarf-with-dsym";
				ENABLE_NS_ASSERTIONS = NO;
				ENABLE_STRICT_OBJC_MSGSEND = YES;
				GCC_C_LANGUAGE_STANDARD = gnu11;
				GCC_NO_COMMON_BLOCKS = YES;
				GCC_WARN_64_TO_32_BIT_CONVERSION = YES;
				GCC_WARN_ABOUT_RETURN_TYPE = YES_ERROR;
				GCC_WARN_UNDECLARED_SELECTOR = YES;
				GCC_WARN_UNINITIALIZED_AUTOS = YES_AGGRESSIVE;
				GCC_WARN_UNUSED_FUNCTION = YES;
				GCC_WARN_UNUSED_VARIABLE = YES;
				IPHONEOS_DEPLOYMENT_TARGET = 13.2;
				MTL_ENABLE_DEBUG_INFO = NO;
				MTL_FAST_MATH = YES;
				SDKROOT = iphoneos;
				SWIFT_COMPILATION_MODE = wholemodule;
				SWIFT_OPTIMIZATION_LEVEL = "-O";
				VALIDATE_PRODUCT = YES;
			};
			name = Release;
		};
		DC1283FE2477741000B1317E /* Debug */ = {
			isa = XCBuildConfiguration;
			buildSettings = {
				ASSETCATALOG_COMPILER_APPICON_NAME = AppIcon;
				CODE_SIGN_IDENTITY = "Apple Development";
				CODE_SIGN_STYLE = Automatic;
				CURRENT_PROJECT_VERSION = "Build number is set using script under build phases";
				DEVELOPMENT_ASSET_PATHS = "\"Tim-Bak-Toe/Preview Content\"";
				DEVELOPMENT_TEAM = 9P7CJ3Z2B8;
				ENABLE_PREVIEWS = YES;
				INFOPLIST_FILE = "Tim-Bak-Toe/Info.plist";
				IPHONEOS_DEPLOYMENT_TARGET = 13.0;
				LD_RUNPATH_SEARCH_PATHS = (
					"$(inherited)",
					"@executable_path/Frameworks",
				);
				MARKETING_VERSION = "version is set using script under build phases";
				PRODUCT_BUNDLE_IDENTIFIER = indie.bulty.XO3;
				PRODUCT_NAME = XO3;
				PROVISIONING_PROFILE_SPECIFIER = "";
				SWIFT_VERSION = 5.0;
				TARGETED_DEVICE_FAMILY = "1,2";
			};
			name = Debug;
		};
		DC1283FF2477741000B1317E /* Release */ = {
			isa = XCBuildConfiguration;
			buildSettings = {
				ASSETCATALOG_COMPILER_APPICON_NAME = AppIcon;
				CODE_SIGN_IDENTITY = "iPhone Distribution";
				CODE_SIGN_STYLE = Manual;
				CURRENT_PROJECT_VERSION = "Build number is set using script under build phases";
				DEVELOPMENT_ASSET_PATHS = "\"Tim-Bak-Toe/Preview Content\"";
				DEVELOPMENT_TEAM = 9P7CJ3Z2B8;
				ENABLE_PREVIEWS = YES;
				INFOPLIST_FILE = "Tim-Bak-Toe/Info.plist";
				IPHONEOS_DEPLOYMENT_TARGET = 13.0;
				LD_RUNPATH_SEARCH_PATHS = (
					"$(inherited)",
					"@executable_path/Frameworks",
				);
				MARKETING_VERSION = "version is set using script under build phases";
				PRODUCT_BUNDLE_IDENTIFIER = indie.bulty.XO3;
				PRODUCT_NAME = XO3;
				PROVISIONING_PROFILE_SPECIFIER = "XO3-AppStore";
				SWIFT_VERSION = 5.0;
				TARGETED_DEVICE_FAMILY = "1,2";
			};
			name = Release;
		};
/* End XCBuildConfiguration section */

/* Begin XCConfigurationList section */
		DC08A18F248A039C00B8CE9D /* Build configuration list for PBXNativeTarget "XO3UITests" */ = {
			isa = XCConfigurationList;
			buildConfigurations = (
				DC08A18D248A039C00B8CE9D /* Debug */,
				DC08A18E248A039C00B8CE9D /* Release */,
			);
			defaultConfigurationIsVisible = 0;
			defaultConfigurationName = Release;
		};
		DC1283E42477740900B1317E /* Build configuration list for PBXProject "Tim-Bak-Toe" */ = {
			isa = XCConfigurationList;
			buildConfigurations = (
				DC1283FB2477741000B1317E /* Debug */,
				DC1283FC2477741000B1317E /* Release */,
			);
			defaultConfigurationIsVisible = 0;
			defaultConfigurationName = Release;
		};
		DC1283FD2477741000B1317E /* Build configuration list for PBXNativeTarget "XO3" */ = {
			isa = XCConfigurationList;
			buildConfigurations = (
				DC1283FE2477741000B1317E /* Debug */,
				DC1283FF2477741000B1317E /* Release */,
			);
			defaultConfigurationIsVisible = 0;
			defaultConfigurationName = Release;
		};
/* End XCConfigurationList section */
	};
	rootObject = DC1283E12477740900B1317E /* Project object */;
}
