// !$*UTF8*$!
{
	archiveVersion = 1;
	classes = {
	};
	objectVersion = 56;
	objects = {

/* Begin PBXBuildFile section */
		AA000001AAAA000100000001 /* TimBakToeApp.swift in Sources */ = {isa = PBXBuildFile; fileRef = BB000001BBBB000100000001 /* TimBakToeApp.swift */; };
		AA000002AAAA000200000002 /* Player.swift in Sources */ = {isa = PBXBuildFile; fileRef = BB000002BBBB000200000002 /* Player.swift */; };
		AA000003AAAA000300000003 /* BoardPosition.swift in Sources */ = {isa = PBXBuildFile; fileRef = BB000003BBBB000300000003 /* BoardPosition.swift */; };
		AA000004AAAA000400000004 /* GameBoard.swift in Sources */ = {isa = PBXBuildFile; fileRef = BB000004BBBB000400000004 /* GameBoard.swift */; };
		AA000005AAAA000500000005 /* PlayerPiece.swift in Sources */ = {isa = PBXBuildFile; fileRef = BB000005BBBB000500000005 /* PlayerPiece.swift */; };
		AA000006AAAA000600000006 /* GameState.swift in Sources */ = {isa = PBXBuildFile; fileRef = BB000006BBBB000600000006 /* GameState.swift */; };
		AA000007AAAA000700000007 /* GameMode.swift in Sources */ = {isa = PBXBuildFile; fileRef = BB000007BBBB000700000007 /* GameMode.swift */; };
		AA000008AAAA000800000008 /* Move.swift in Sources */ = {isa = PBXBuildFile; fileRef = BB000008BBBB000800000008 /* Move.swift */; };
		AA000009AAAA000900000009 /* GameEngine.swift in Sources */ = {isa = PBXBuildFile; fileRef = BB000009BBBB000900000009 /* GameEngine.swift */; };
		AA000010AAAA001000000010 /* WinChecker.swift in Sources */ = {isa = PBXBuildFile; fileRef = BB000010BBBB001000000010 /* WinChecker.swift */; };
		AA000011AAAA001100000011 /* AIStrategy.swift in Sources */ = {isa = PBXBuildFile; fileRef = BB000011BBBB001100000011 /* AIStrategy.swift */; };
		AA000012AAAA001200000012 /* EasyAI.swift in Sources */ = {isa = PBXBuildFile; fileRef = BB000012BBBB001200000012 /* EasyAI.swift */; };
		AA000013AAAA001300000013 /* MediumAI.swift in Sources */ = {isa = PBXBuildFile; fileRef = BB000013BBBB001300000013 /* MediumAI.swift */; };
		AA000014AAAA001400000014 /* HardAI.swift in Sources */ = {isa = PBXBuildFile; fileRef = BB000014BBBB001400000014 /* HardAI.swift */; };
		AA000015AAAA001500000015 /* TurnTimer.swift in Sources */ = {isa = PBXBuildFile; fileRef = BB000015BBBB001500000015 /* TurnTimer.swift */; };
		AA000016AAAA001600000016 /* GameViewModel.swift in Sources */ = {isa = PBXBuildFile; fileRef = BB000016BBBB001600000016 /* GameViewModel.swift */; };
		AA000017AAAA001700000017 /* PieceUIState.swift in Sources */ = {isa = PBXBuildFile; fileRef = BB000017BBBB001700000017 /* PieceUIState.swift */; };
		AA000018AAAA001800000018 /* GameView.swift in Sources */ = {isa = PBXBuildFile; fileRef = BB000018BBBB001800000018 /* GameView.swift */; };
		AA000019AAAA001900000019 /* BoardView.swift in Sources */ = {isa = PBXBuildFile; fileRef = BB000019BBBB001900000019 /* BoardView.swift */; };
		AA000020AAAA002000000020 /* BoardCellView.swift in Sources */ = {isa = PBXBuildFile; fileRef = BB000020BBBB002000000020 /* BoardCellView.swift */; };
		AA000021AAAA002100000021 /* PiecesContainerView.swift in Sources */ = {isa = PBXBuildFile; fileRef = BB000021BBBB002100000021 /* PiecesContainerView.swift */; };
		AA000022AAAA002200000022 /* PieceView.swift in Sources */ = {isa = PBXBuildFile; fileRef = BB000022BBBB002200000022 /* PieceView.swift */; };
		AA000023AAAA002300000023 /* TimerBarView.swift in Sources */ = {isa = PBXBuildFile; fileRef = BB000023BBBB002300000023 /* TimerBarView.swift */; };
		AA000024AAAA002400000024 /* WinnerOverlayView.swift in Sources */ = {isa = PBXBuildFile; fileRef = BB000024BBBB002400000024 /* WinnerOverlayView.swift */; };
		AA000025AAAA002500000025 /* ContentView.swift in Sources */ = {isa = PBXBuildFile; fileRef = BB000025BBBB002500000025 /* ContentView.swift */; };
		AA000026AAAA002600000026 /* HomeScreen.swift in Sources */ = {isa = PBXBuildFile; fileRef = BB000026BBBB002600000026 /* HomeScreen.swift */; };
		AA000027AAAA002700000027 /* GameModePickerView.swift in Sources */ = {isa = PBXBuildFile; fileRef = BB000027BBBB002700000027 /* GameModePickerView.swift */; };
		AA000028AAAA002800000028 /* OnboardingScreen.swift in Sources */ = {isa = PBXBuildFile; fileRef = BB000028BBBB002800000028 /* OnboardingScreen.swift */; };
		AA000029AAAA002900000029 /* SettingsViewModel.swift in Sources */ = {isa = PBXBuildFile; fileRef = BB000029BBBB002900000029 /* SettingsViewModel.swift */; };
		AA000030AAAA003000000030 /* SettingsScreen.swift in Sources */ = {isa = PBXBuildFile; fileRef = BB000030BBBB003000000030 /* SettingsScreen.swift */; };
		AA000031AAAA003100000031 /* Theme.swift in Sources */ = {isa = PBXBuildFile; fileRef = BB000031BBBB003100000031 /* Theme.swift */; };
		AA000032AAAA003200000032 /* PieceStyle.swift in Sources */ = {isa = PBXBuildFile; fileRef = BB000032BBBB003200000032 /* PieceStyle.swift */; };
		AA000033AAAA003300000033 /* PieceViewState.swift in Sources */ = {isa = PBXBuildFile; fileRef = BB000033BBBB003300000033 /* PieceViewState.swift */; };
		AA000034AAAA003400000034 /* DiagonalLineShape.swift in Sources */ = {isa = PBXBuildFile; fileRef = BB000034BBBB003400000034 /* DiagonalLineShape.swift */; };
		AA000035AAAA003500000035 /* GreenButton.swift in Sources */ = {isa = PBXBuildFile; fileRef = BB000035BBBB003500000035 /* GreenButton.swift */; };
		AA000036AAAA003600000036 /* NeuomorphicButton.swift in Sources */ = {isa = PBXBuildFile; fileRef = BB000036BBBB003600000036 /* NeuomorphicButton.swift */; };
		AA000037AAAA003700000037 /* SocialButton.swift in Sources */ = {isa = PBXBuildFile; fileRef = BB000037BBBB003700000037 /* SocialButton.swift */; };
		AA000038AAAA003800000038 /* LayoutConstants.swift in Sources */ = {isa = PBXBuildFile; fileRef = BB000038BBBB003800000038 /* LayoutConstants.swift */; };
		AA000039AAAA003900000039 /* Sound.swift in Sources */ = {isa = PBXBuildFile; fileRef = BB000039BBBB003900000039 /* Sound.swift */; };
		AA000040AAAA004000000040 /* Animation+TimingCurves.swift in Sources */ = {isa = PBXBuildFile; fileRef = BB000040BBBB004000000040 /* Animation+TimingCurves.swift */; };
		AA000041AAAA004100000041 /* CGExtensions.swift in Sources */ = {isa = PBXBuildFile; fileRef = BB000041BBBB004100000041 /* CGExtensions.swift */; };
		AA000042AAAA004200000042 /* AccessibilityIdentifiers.swift in Sources */ = {isa = PBXBuildFile; fileRef = BB000042BBBB004200000042 /* AccessibilityIdentifiers.swift */; };
		DC1283F32477741000B1317E /* Assets.xcassets in Resources */ = {isa = PBXBuildFile; fileRef = DC1283F22477741000B1317E /* Assets.xcassets */; };
/* End PBXBuildFile section */

/* Begin PBXFileReference section */
		BB000001BBBB000100000001 /* TimBakToeApp.swift */ = {isa = PBXFileReference; lastKnownFileType = sourcecode.swift; path = TimBakToeApp.swift; sourceTree = "<group>"; };
		BB000002BBBB000200000002 /* Player.swift */ = {isa = PBXFileReference; lastKnownFileType = sourcecode.swift; path = Player.swift; sourceTree = "<group>"; };
		BB000003BBBB000300000003 /* BoardPosition.swift */ = {isa = PBXFileReference; lastKnownFileType = sourcecode.swift; path = BoardPosition.swift; sourceTree = "<group>"; };
		BB000004BBBB000400000004 /* GameBoard.swift */ = {isa = PBXFileReference; lastKnownFileType = sourcecode.swift; path = GameBoard.swift; sourceTree = "<group>"; };
		BB000005BBBB000500000005 /* PlayerPiece.swift */ = {isa = PBXFileReference; lastKnownFileType = sourcecode.swift; path = PlayerPiece.swift; sourceTree = "<group>"; };
		BB000006BBBB000600000006 /* GameState.swift */ = {isa = PBXFileReference; lastKnownFileType = sourcecode.swift; path = GameState.swift; sourceTree = "<group>"; };
		BB000007BBBB000700000007 /* GameMode.swift */ = {isa = PBXFileReference; lastKnownFileType = sourcecode.swift; path = GameMode.swift; sourceTree = "<group>"; };
		BB000008BBBB000800000008 /* Move.swift */ = {isa = PBXFileReference; lastKnownFileType = sourcecode.swift; path = Move.swift; sourceTree = "<group>"; };
		BB000009BBBB000900000009 /* GameEngine.swift */ = {isa = PBXFileReference; lastKnownFileType = sourcecode.swift; path = GameEngine.swift; sourceTree = "<group>"; };
		BB000010BBBB001000000010 /* WinChecker.swift */ = {isa = PBXFileReference; lastKnownFileType = sourcecode.swift; path = WinChecker.swift; sourceTree = "<group>"; };
		BB000011BBBB001100000011 /* AIStrategy.swift */ = {isa = PBXFileReference; lastKnownFileType = sourcecode.swift; path = AIStrategy.swift; sourceTree = "<group>"; };
		BB000012BBBB001200000012 /* EasyAI.swift */ = {isa = PBXFileReference; lastKnownFileType = sourcecode.swift; path = EasyAI.swift; sourceTree = "<group>"; };
		BB000013BBBB001300000013 /* MediumAI.swift */ = {isa = PBXFileReference; lastKnownFileType = sourcecode.swift; path = MediumAI.swift; sourceTree = "<group>"; };
		BB000014BBBB001400000014 /* HardAI.swift */ = {isa = PBXFileReference; lastKnownFileType = sourcecode.swift; path = HardAI.swift; sourceTree = "<group>"; };
		BB000015BBBB001500000015 /* TurnTimer.swift */ = {isa = PBXFileReference; lastKnownFileType = sourcecode.swift; path = TurnTimer.swift; sourceTree = "<group>"; };
		BB000016BBBB001600000016 /* GameViewModel.swift */ = {isa = PBXFileReference; lastKnownFileType = sourcecode.swift; path = GameViewModel.swift; sourceTree = "<group>"; };
		BB000017BBBB001700000017 /* PieceUIState.swift */ = {isa = PBXFileReference; lastKnownFileType = sourcecode.swift; path = PieceUIState.swift; sourceTree = "<group>"; };
		BB000018BBBB001800000018 /* GameView.swift */ = {isa = PBXFileReference; lastKnownFileType = sourcecode.swift; path = GameView.swift; sourceTree = "<group>"; };
		BB000019BBBB001900000019 /* BoardView.swift */ = {isa = PBXFileReference; lastKnownFileType = sourcecode.swift; path = BoardView.swift; sourceTree = "<group>"; };
		BB000020BBBB002000000020 /* BoardCellView.swift */ = {isa = PBXFileReference; lastKnownFileType = sourcecode.swift; path = BoardCellView.swift; sourceTree = "<group>"; };
		BB000021BBBB002100000021 /* PiecesContainerView.swift */ = {isa = PBXFileReference; lastKnownFileType = sourcecode.swift; path = PiecesContainerView.swift; sourceTree = "<group>"; };
		BB000022BBBB002200000022 /* PieceView.swift */ = {isa = PBXFileReference; lastKnownFileType = sourcecode.swift; path = PieceView.swift; sourceTree = "<group>"; };
		BB000023BBBB002300000023 /* TimerBarView.swift */ = {isa = PBXFileReference; lastKnownFileType = sourcecode.swift; path = TimerBarView.swift; sourceTree = "<group>"; };
		BB000024BBBB002400000024 /* WinnerOverlayView.swift */ = {isa = PBXFileReference; lastKnownFileType = sourcecode.swift; path = WinnerOverlayView.swift; sourceTree = "<group>"; };
		BB000025BBBB002500000025 /* ContentView.swift */ = {isa = PBXFileReference; lastKnownFileType = sourcecode.swift; path = ContentView.swift; sourceTree = "<group>"; };
		BB000026BBBB002600000026 /* HomeScreen.swift */ = {isa = PBXFileReference; lastKnownFileType = sourcecode.swift; path = HomeScreen.swift; sourceTree = "<group>"; };
		BB000027BBBB002700000027 /* GameModePickerView.swift */ = {isa = PBXFileReference; lastKnownFileType = sourcecode.swift; path = GameModePickerView.swift; sourceTree = "<group>"; };
		BB000028BBBB002800000028 /* OnboardingScreen.swift */ = {isa = PBXFileReference; lastKnownFileType = sourcecode.swift; path = OnboardingScreen.swift; sourceTree = "<group>"; };
		BB000029BBBB002900000029 /* SettingsViewModel.swift */ = {isa = PBXFileReference; lastKnownFileType = sourcecode.swift; path = SettingsViewModel.swift; sourceTree = "<group>"; };
		BB000030BBBB003000000030 /* SettingsScreen.swift */ = {isa = PBXFileReference; lastKnownFileType = sourcecode.swift; path = SettingsScreen.swift; sourceTree = "<group>"; };
		BB000031BBBB003100000031 /* Theme.swift */ = {isa = PBXFileReference; lastKnownFileType = sourcecode.swift; path = Theme.swift; sourceTree = "<group>"; };
		BB000032BBBB003200000032 /* PieceStyle.swift */ = {isa = PBXFileReference; lastKnownFileType = sourcecode.swift; path = PieceStyle.swift; sourceTree = "<group>"; };
		BB000033BBBB003300000033 /* PieceViewState.swift */ = {isa = PBXFileReference; lastKnownFileType = sourcecode.swift; path = PieceViewState.swift; sourceTree = "<group>"; };
		BB000034BBBB003400000034 /* DiagonalLineShape.swift */ = {isa = PBXFileReference; lastKnownFileType = sourcecode.swift; path = DiagonalLineShape.swift; sourceTree = "<group>"; };
		BB000035BBBB003500000035 /* GreenButton.swift */ = {isa = PBXFileReference; lastKnownFileType = sourcecode.swift; path = GreenButton.swift; sourceTree = "<group>"; };
		BB000036BBBB003600000036 /* NeuomorphicButton.swift */ = {isa = PBXFileReference; lastKnownFileType = sourcecode.swift; path = NeuomorphicButton.swift; sourceTree = "<group>"; };
		BB000037BBBB003700000037 /* SocialButton.swift */ = {isa = PBXFileReference; lastKnownFileType = sourcecode.swift; path = SocialButton.swift; sourceTree = "<group>"; };
		BB000038BBBB003800000038 /* LayoutConstants.swift */ = {isa = PBXFileReference; lastKnownFileType = sourcecode.swift; path = LayoutConstants.swift; sourceTree = "<group>"; };
		BB000039BBBB003900000039 /* Sound.swift */ = {isa = PBXFileReference; lastKnownFileType = sourcecode.swift; path = Sound.swift; sourceTree = "<group>"; };
		BB000040BBBB004000000040 /* Animation+TimingCurves.swift */ = {isa = PBXFileReference; lastKnownFileType = sourcecode.swift; path = "Animation+TimingCurves.swift"; sourceTree = "<group>"; };
		BB000041BBBB004100000041 /* CGExtensions.swift */ = {isa = PBXFileReference; lastKnownFileType = sourcecode.swift; path = CGExtensions.swift; sourceTree = "<group>"; };
		BB000042BBBB004200000042 /* AccessibilityIdentifiers.swift */ = {isa = PBXFileReference; lastKnownFileType = sourcecode.swift; path = AccessibilityIdentifiers.swift; sourceTree = "<group>"; };
		DC1283E92477740900B1317E /* TimBakToe.app */ = {isa = PBXFileReference; explicitFileType = wrapper.application; includeInIndex = 0; path = TimBakToe.app; sourceTree = BUILT_PRODUCTS_DIR; };
		DC1283F22477741000B1317E /* Assets.xcassets */ = {isa = PBXFileReference; lastKnownFileType = folder.assetcatalog; path = Assets.xcassets; sourceTree = "<group>"; };
/* End PBXFileReference section */

/* Begin PBXFrameworksBuildPhase section */
		DC1283E62477740900B1317E /* Frameworks */ = {
			isa = PBXFrameworksBuildPhase;
			buildActionMask = 2147483647;
			files = (
			);
			runOnlyForDeploymentPostprocessing = 0;
		};
/* End PBXFrameworksBuildPhase section */

/* Begin PBXGroup section */
		DC1283E02477740900B1317E = {
			isa = PBXGroup;
			children = (
				DC1283EB2477740900B1317E /* Tim-Bak-Toe */,
				DC1283EA2477740900B1317E /* Products */,
			);
			sourceTree = "<group>";
		};
		DC1283EA2477740900B1317E /* Products */ = {
			isa = PBXGroup;
			children = (
				DC1283E92477740900B1317E /* TimBakToe.app */,
			);
			name = Products;
			sourceTree = "<group>";
		};
		DC1283EB2477740900B1317E /* Tim-Bak-Toe */ = {
			isa = PBXGroup;
			children = (
				BB000001BBBB000100000001 /* TimBakToeApp.swift */,
				DC1283F22477741000B1317E /* Assets.xcassets */,
				CC000001CCCC000100000001 /* Core */,
				CC000010CCCC001000000010 /* Features */,
				CC000020CCCC002000000020 /* DesignSystem */,
				CC000030CCCC003000000030 /* Utilities */,
			);
			path = "Tim-Bak-Toe";
			sourceTree = "<group>";
		};
		CC000001CCCC000100000001 /* Core */ = {
			isa = PBXGroup;
			children = (
				CC000002CCCC000200000002 /* Models */,
				CC000003CCCC000300000003 /* GameEngine */,
				CC000004CCCC000400000004 /* AI */,
				CC000005CCCC000500000005 /* Timer */,
			);
			path = Core;
			sourceTree = "<group>";
		};
		CC000002CCCC000200000002 /* Models */ = {
			isa = PBXGroup;
			children = (
				BB000002BBBB000200000002 /* Player.swift */,
				BB000003BBBB000300000003 /* BoardPosition.swift */,
				BB000004BBBB000400000004 /* GameBoard.swift */,
				BB000005BBBB000500000005 /* PlayerPiece.swift */,
				BB000006BBBB000600000006 /* GameState.swift */,
				BB000007BBBB000700000007 /* GameMode.swift */,
				BB000008BBBB000800000008 /* Move.swift */,
			);
			path = Models;
			sourceTree = "<group>";
		};
		CC000003CCCC000300000003 /* GameEngine */ = {
			isa = PBXGroup;
			children = (
				BB000009BBBB000900000009 /* GameEngine.swift */,
				BB000010BBBB001000000010 /* WinChecker.swift */,
			);
			path = GameEngine;
			sourceTree = "<group>";
		};
		CC000004CCCC000400000004 /* AI */ = {
			isa = PBXGroup;
			children = (
				BB000011BBBB001100000011 /* AIStrategy.swift */,
				BB000012BBBB001200000012 /* EasyAI.swift */,
				BB000013BBBB001300000013 /* MediumAI.swift */,
				BB000014BBBB001400000014 /* HardAI.swift */,
			);
			path = AI;
			sourceTree = "<group>";
		};
		CC000005CCCC000500000005 /* Timer */ = {
			isa = PBXGroup;
			children = (
				BB000015BBBB001500000015 /* TurnTimer.swift */,
			);
			path = Timer;
			sourceTree = "<group>";
		};
		CC000010CCCC001000000010 /* Features */ = {
			isa = PBXGroup;
			children = (
				CC000011CCCC001100000011 /* Game */,
				CC000012CCCC001200000012 /* Home */,
				CC000013CCCC001300000013 /* Onboarding */,
				CC000014CCCC001400000014 /* Settings */,
			);
			path = Features;
			sourceTree = "<group>";
		};
		CC000011CCCC001100000011 /* Game */ = {
			isa = PBXGroup;
			children = (
				BB000016BBBB001600000016 /* GameViewModel.swift */,
				BB000017BBBB001700000017 /* PieceUIState.swift */,
				BB000018BBBB001800000018 /* GameView.swift */,
				BB000019BBBB001900000019 /* BoardView.swift */,
				BB000020BBBB002000000020 /* BoardCellView.swift */,
				BB000021BBBB002100000021 /* PiecesContainerView.swift */,
				BB000022BBBB002200000022 /* PieceView.swift */,
				BB000023BBBB002300000023 /* TimerBarView.swift */,
				BB000024BBBB002400000024 /* WinnerOverlayView.swift */,
				BB000025BBBB002500000025 /* ContentView.swift */,
			);
			path = Game;
			sourceTree = "<group>";
		};
		CC000012CCCC001200000012 /* Home */ = {
			isa = PBXGroup;
			children = (
				BB000026BBBB002600000026 /* HomeScreen.swift */,
				BB000027BBBB002700000027 /* GameModePickerView.swift */,
			);
			path = Home;
			sourceTree = "<group>";
		};
		CC000013CCCC001300000013 /* Onboarding */ = {
			isa = PBXGroup;
			children = (
				BB000028BBBB002800000028 /* OnboardingScreen.swift */,
			);
			path = Onboarding;
			sourceTree = "<group>";
		};
		CC000014CCCC001400000014 /* Settings */ = {
			isa = PBXGroup;
			children = (
				BB000029BBBB002900000029 /* SettingsViewModel.swift */,
				BB000030BBBB003000000030 /* SettingsScreen.swift */,
			);
			path = Settings;
			sourceTree = "<group>";
		};
		CC000020CCCC002000000020 /* DesignSystem */ = {
			isa = PBXGroup;
			children = (
				BB000031BBBB003100000031 /* Theme.swift */,
				BB000032BBBB003200000032 /* PieceStyle.swift */,
				BB000033BBBB003300000033 /* PieceViewState.swift */,
				CC000021CCCC002100000021 /* Shapes */,
				CC000022CCCC002200000022 /* Components */,
				CC000023CCCC002300000023 /* Layout */,
			);
			path = DesignSystem;
			sourceTree = "<group>";
		};
		CC000021CCCC002100000021 /* Shapes */ = {
			isa = PBXGroup;
			children = (
				BB000034BBBB003400000034 /* DiagonalLineShape.swift */,
			);
			path = Shapes;
			sourceTree = "<group>";
		};
		CC000022CCCC002200000022 /* Components */ = {
			isa = PBXGroup;
			children = (
				BB000035BBBB003500000035 /* GreenButton.swift */,
				BB000036BBBB003600000036 /* NeuomorphicButton.swift */,
				BB000037BBBB003700000037 /* SocialButton.swift */,
			);
			path = Components;
			sourceTree = "<group>";
		};
		CC000023CCCC002300000023 /* Layout */ = {
			isa = PBXGroup;
			children = (
				BB000038BBBB003800000038 /* LayoutConstants.swift */,
			);
			path = Layout;
			sourceTree = "<group>";
		};
		CC000030CCCC003000000030 /* Utilities */ = {
			isa = PBXGroup;
			children = (
				BB000039BBBB003900000039 /* Sound.swift */,
				BB000040BBBB004000000040 /* Animation+TimingCurves.swift */,
				BB000041BBBB004100000041 /* CGExtensions.swift */,
				BB000042BBBB004200000042 /* AccessibilityIdentifiers.swift */,
			);
			path = Utilities;
			sourceTree = "<group>";
		};
/* End PBXGroup section */

/* Begin PBXNativeTarget section */
		DC1283E82477740900B1317E /* TimBakToe */ = {
			isa = PBXNativeTarget;
			buildConfigurationList = DC1283FD2477741000B1317E /* Build configuration list for PBXNativeTarget "TimBakToe" */;
			buildPhases = (
				DC1283E52477740900B1317E /* Sources */,
				DC1283E62477740900B1317E /* Frameworks */,
				DC1283E72477740900B1317E /* Resources */,
			);
			buildRules = (
			);
			dependencies = (
			);
			name = TimBakToe;
			productName = "Tim-Bak-Toe";
			productReference = DC1283E92477740900B1317E /* TimBakToe.app */;
			productType = "com.apple.product-type.application";
		};
/* End PBXNativeTarget section */

/* Begin PBXProject section */
		DC1283E12477740900B1317E /* Project object */ = {
			isa = PBXProject;
			attributes = {
				LastSwiftUpdateCheck = 1600;
				LastUpgradeCheck = 1600;
				ORGANIZATIONNAME = "v-i-s-h-a-l";
				TargetAttributes = {
					DC1283E82477740900B1317E = {
						CreatedOnToolsVersion = 16.0;
					};
				};
			};
			buildConfigurationList = DC1283E42477740900B1317E /* Build configuration list for PBXProject "Tim-Bak-Toe" */;
			compatibilityVersion = "Xcode 14.0";
			developmentRegion = en;
			hasScannedForEncodings = 0;
			knownRegions = (
				en,
				Base,
			);
			mainGroup = DC1283E02477740900B1317E;
			productRefGroup = DC1283EA2477740900B1317E /* Products */;
			projectDirPath = "";
			projectRoot = "";
			targets = (
				DC1283E82477740900B1317E /* TimBakToe */,
			);
		};
/* End PBXProject section */

/* Begin PBXResourcesBuildPhase section */
		DC1283E72477740900B1317E /* Resources */ = {
			isa = PBXResourcesBuildPhase;
			buildActionMask = 2147483647;
			files = (
				DC1283F32477741000B1317E /* Assets.xcassets in Resources */,
			);
			runOnlyForDeploymentPostprocessing = 0;
		};
/* End PBXResourcesBuildPhase section */

/* Begin PBXSourcesBuildPhase section */
		DC1283E52477740900B1317E /* Sources */ = {
			isa = PBXSourcesBuildPhase;
			buildActionMask = 2147483647;
			files = (
				AA000001AAAA000100000001 /* TimBakToeApp.swift in Sources */,
				AA000002AAAA000200000002 /* Player.swift in Sources */,
				AA000003AAAA000300000003 /* BoardPosition.swift in Sources */,
				AA000004AAAA000400000004 /* GameBoard.swift in Sources */,
				AA000005AAAA000500000005 /* PlayerPiece.swift in Sources */,
				AA000006AAAA000600000006 /* GameState.swift in Sources */,
				AA000007AAAA000700000007 /* GameMode.swift in Sources */,
				AA000008AAAA000800000008 /* Move.swift in Sources */,
				AA000009AAAA000900000009 /* GameEngine.swift in Sources */,
				AA000010AAAA001000000010 /* WinChecker.swift in Sources */,
				AA000011AAAA001100000011 /* AIStrategy.swift in Sources */,
				AA000012AAAA001200000012 /* EasyAI.swift in Sources */,
				AA000013AAAA001300000013 /* MediumAI.swift in Sources */,
				AA000014AAAA001400000014 /* HardAI.swift in Sources */,
				AA000015AAAA001500000015 /* TurnTimer.swift in Sources */,
				AA000016AAAA001600000016 /* GameViewModel.swift in Sources */,
				AA000017AAAA001700000017 /* PieceUIState.swift in Sources */,
				AA000018AAAA001800000018 /* GameView.swift in Sources */,
				AA000019AAAA001900000019 /* BoardView.swift in Sources */,
				AA000020AAAA002000000020 /* BoardCellView.swift in Sources */,
				AA000021AAAA002100000021 /* PiecesContainerView.swift in Sources */,
				AA000022AAAA002200000022 /* PieceView.swift in Sources */,
				AA000023AAAA002300000023 /* TimerBarView.swift in Sources */,
				AA000024AAAA002400000024 /* WinnerOverlayView.swift in Sources */,
				AA000025AAAA002500000025 /* ContentView.swift in Sources */,
				AA000026AAAA002600000026 /* HomeScreen.swift in Sources */,
				AA000027AAAA002700000027 /* GameModePickerView.swift in Sources */,
				AA000028AAAA002800000028 /* OnboardingScreen.swift in Sources */,
				AA000029AAAA002900000029 /* SettingsViewModel.swift in Sources */,
				AA000030AAAA003000000030 /* SettingsScreen.swift in Sources */,
				AA000031AAAA003100000031 /* Theme.swift in Sources */,
				AA000032AAAA003200000032 /* PieceStyle.swift in Sources */,
				AA000033AAAA003300000033 /* PieceViewState.swift in Sources */,
				AA000034AAAA003400000034 /* DiagonalLineShape.swift in Sources */,
				AA000035AAAA003500000035 /* GreenButton.swift in Sources */,
				AA000036AAAA003600000036 /* NeuomorphicButton.swift in Sources */,
				AA000037AAAA003700000037 /* SocialButton.swift in Sources */,
				AA000038AAAA003800000038 /* LayoutConstants.swift in Sources */,
				AA000039AAAA003900000039 /* Sound.swift in Sources */,
				AA000040AAAA004000000040 /* Animation+TimingCurves.swift in Sources */,
				AA000041AAAA004100000041 /* CGExtensions.swift in Sources */,
				AA000042AAAA004200000042 /* AccessibilityIdentifiers.swift in Sources */,
			);
			runOnlyForDeploymentPostprocessing = 0;
		};
/* End PBXSourcesBuildPhase section */

/* Begin XCBuildConfiguration section */
		DC1283FB2477741000B1317E /* Debug */ = {
			isa = XCBuildConfiguration;
			buildSettings = {
				ALWAYS_SEARCH_USER_PATHS = NO;
				CLANG_ANALYZER_NONNULL = YES;
				CLANG_ANALYZER_NUMBER_OBJECT_CONVERSION = YES_AGGRESSIVE;
				CLANG_CXX_LANGUAGE_STANDARD = "gnu++20";
				CLANG_CXX_LIBRARY = "libc++";
				CLANG_ENABLE_MODULES = YES;
				CLANG_ENABLE_OBJC_ARC = YES;
				CLANG_ENABLE_OBJC_WEAK = YES;
				CLANG_WARN_BLOCK_CAPTURE_AUTORELEASING = YES;
				CLANG_WARN_BOOL_CONVERSION = YES;
				CLANG_WARN_COMMA = YES;
				CLANG_WARN_CONSTANT_CONVERSION = YES;
				CLANG_WARN_DEPRECATED_OBJC_IMPLEMENTATIONS = YES;
				CLANG_WARN_DIRECT_OBJC_ISA_USAGE = YES_ERROR;
				CLANG_WARN_DOCUMENTATION_COMMENTS = YES;
				CLANG_WARN_EMPTY_BODY = YES;
				CLANG_WARN_ENUM_CONVERSION = YES;
				CLANG_WARN_INFINITE_RECURSION = YES;
				CLANG_WARN_INT_CONVERSION = YES;
				CLANG_WARN_NON_LITERAL_NULL_CONVERSION = YES;
				CLANG_WARN_OBJC_IMPLICIT_RETAIN_SELF = YES;
				CLANG_WARN_OBJC_LITERAL_CONVERSION = YES;
				CLANG_WARN_OBJC_ROOT_CLASS = YES_ERROR;
				CLANG_WARN_RANGE_LOOP_ANALYSIS = YES;
				CLANG_WARN_STRICT_PROTOTYPES = YES;
				CLANG_WARN_SUSPICIOUS_MOVE = YES;
				CLANG_WARN_UNGUARDED_AVAILABILITY = YES_AGGRESSIVE;
				CLANG_WARN_UNREACHABLE_CODE = YES;
				CLANG_WARN__DUPLICATE_METHOD_MATCH = YES;
				COPY_PHASE_STRIP = NO;
				DEBUG_INFORMATION_FORMAT = dwarf;
				ENABLE_STRICT_OBJC_MSGSEND = YES;
				ENABLE_TESTABILITY = YES;
				GCC_C_LANGUAGE_STANDARD = gnu17;
				GCC_DYNAMIC_NO_PIC = NO;
				GCC_NO_COMMON_BLOCKS = YES;
				GCC_OPTIMIZATION_LEVEL = 0;
				GCC_PREPROCESSOR_DEFINITIONS = (
					"DEBUG=1",
					"$(inherited)",
				);
				GCC_WARN_64_TO_32_BIT_CONVERSION = YES;
				GCC_WARN_ABOUT_RETURN_TYPE = YES_ERROR;
				GCC_WARN_UNDECLARED_SELECTOR = YES;
				GCC_WARN_UNINITIALIZED_AUTOS = YES_AGGRESSIVE;
				GCC_WARN_UNUSED_FUNCTION = YES;
				GCC_WARN_UNUSED_VARIABLE = YES;
				IPHONEOS_DEPLOYMENT_TARGET = 26.0;
				MTL_ENABLE_DEBUG_INFO = INCLUDE_SOURCE;
				MTL_FAST_MATH = YES;
				ONLY_ACTIVE_ARCH = YES;
				SDKROOT = iphoneos;
				SWIFT_ACTIVE_COMPILATION_CONDITIONS = "$(inherited) DEBUG";
				SWIFT_OPTIMIZATION_LEVEL = "-Onone";
			};
			name = Debug;
		};
		DC1283FC2477741000B1317E /* Release */ = {
			isa = XCBuildConfiguration;
			buildSettings = {
				ALWAYS_SEARCH_USER_PATHS = NO;
				CLANG_ANALYZER_NONNULL = YES;
				CLANG_ANALYZER_NUMBER_OBJECT_CONVERSION = YES_AGGRESSIVE;
				CLANG_CXX_LANGUAGE_STANDARD = "gnu++20";
				CLANG_CXX_LIBRARY = "libc++";
				CLANG_ENABLE_MODULES = YES;
				CLANG_ENABLE_OBJC_ARC = YES;
				CLANG_ENABLE_OBJC_WEAK = YES;
				CLANG_WARN_BLOCK_CAPTURE_AUTORELEASING = YES;
				CLANG_WARN_BOOL_CONVERSION = YES;
				CLANG_WARN_COMMA = YES;
				CLANG_WARN_CONSTANT_CONVERSION = YES;
				CLANG_WARN_DEPRECATED_OBJC_IMPLEMENTATIONS = YES;
				CLANG_WARN_DIRECT_OBJC_ISA_USAGE = YES_ERROR;
				CLANG_WARN_DOCUMENTATION_COMMENTS = YES;
				CLANG_WARN_EMPTY_BODY = YES;
				CLANG_WARN_ENUM_CONVERSION = YES;
				CLANG_WARN_INFINITE_RECURSION = YES;
				CLANG_WARN_INT_CONVERSION = YES;
				CLANG_WARN_NON_LITERAL_NULL_CONVERSION = YES;
				CLANG_WARN_OBJC_IMPLICIT_RETAIN_SELF = YES;
				CLANG_WARN_OBJC_LITERAL_CONVERSION = YES;
				CLANG_WARN_OBJC_ROOT_CLASS = YES_ERROR;
				CLANG_WARN_RANGE_LOOP_ANALYSIS = YES;
				CLANG_WARN_STRICT_PROTOTYPES = YES;
				CLANG_WARN_SUSPICIOUS_MOVE = YES;
				CLANG_WARN_UNGUARDED_AVAILABILITY = YES_AGGRESSIVE;
				CLANG_WARN_UNREACHABLE_CODE = YES;
				CLANG_WARN__DUPLICATE_METHOD_MATCH = YES;
				COPY_PHASE_STRIP = NO;
				DEBUG_INFORMATION_FORMAT = "dwarf-with-dsym";
				ENABLE_NS_ASSERTIONS = NO;
				ENABLE_STRICT_OBJC_MSGSEND = YES;
				GCC_C_LANGUAGE_STANDARD = gnu17;
				GCC_NO_COMMON_BLOCKS = YES;
				GCC_WARN_64_TO_32_BIT_CONVERSION = YES;
				GCC_WARN_ABOUT_RETURN_TYPE = YES_ERROR;
				GCC_WARN_UNDECLARED_SELECTOR = YES;
				GCC_WARN_UNINITIALIZED_AUTOS = YES_AGGRESSIVE;
				GCC_WARN_UNUSED_FUNCTION = YES;
				GCC_WARN_UNUSED_VARIABLE = YES;
				IPHONEOS_DEPLOYMENT_TARGET = 26.0;
				MTL_ENABLE_DEBUG_INFO = NO;
				MTL_FAST_MATH = YES;
				SDKROOT = iphoneos;
				SWIFT_COMPILATION_MODE = wholemodule;
				SWIFT_OPTIMIZATION_LEVEL = "-O";
				VALIDATE_PRODUCT = YES;
			};
			name = Release;
		};
		DC1283FE2477741000B1317E /* Debug */ = {
			isa = XCBuildConfiguration;
			buildSettings = {
				ASSETCATALOG_COMPILER_APPICON_NAME = AppIcon;
				CODE_SIGN_IDENTITY = "Apple Development";
				CODE_SIGN_STYLE = Automatic;
				CURRENT_PROJECT_VERSION = 1;
				DEVELOPMENT_TEAM = 9P7CJ3Z2B8;
				ENABLE_PREVIEWS = YES;
				GENERATE_INFOPLIST_FILE = YES;
				INFOPLIST_KEY_UIApplicationSceneManifest_Generation = YES;
				INFOPLIST_KEY_UIApplicationSupportsIndirectInputEvents = YES;
				INFOPLIST_KEY_UILaunchScreen_Generation = YES;
				INFOPLIST_KEY_UISupportedInterfaceOrientations_iPad = "UIInterfaceOrientationPortrait UIInterfaceOrientationPortraitUpsideDown UIInterfaceOrientationLandscapeLeft UIInterfaceOrientationLandscapeRight";
				INFOPLIST_KEY_UISupportedInterfaceOrientations_iPhone = "UIInterfaceOrientationPortrait";
				IPHONEOS_DEPLOYMENT_TARGET = 26.0;
				LD_RUNPATH_SEARCH_PATHS = (
					"$(inherited)",
					"@executable_path/Frameworks",
				);
				MARKETING_VERSION = 2.0;
				PRODUCT_BUNDLE_IDENTIFIER = indie.bulty.XO3;
				PRODUCT_NAME = TimBakToe;
				PROVISIONING_PROFILE_SPECIFIER = "";
				SWIFT_EMIT_LOC_STRINGS = YES;
				SWIFT_VERSION = 6.0;
				TARGETED_DEVICE_FAMILY = "1,2";
			};
			name = Debug;
		};
		DC1283FF2477741000B1317E /* Release */ = {
			isa = XCBuildConfiguration;
			buildSettings = {
				ASSETCATALOG_COMPILER_APPICON_NAME = AppIcon;
				CODE_SIGN_IDENTITY = "Apple Development";
				CODE_SIGN_STYLE = Automatic;
				CURRENT_PROJECT_VERSION = 1;
				DEVELOPMENT_TEAM = 9P7CJ3Z2B8;
				ENABLE_PREVIEWS = YES;
				GENERATE_INFOPLIST_FILE = YES;
				INFOPLIST_KEY_UIApplicationSceneManifest_Generation = YES;
				INFOPLIST_KEY_UIApplicationSupportsIndirectInputEvents = YES;
				INFOPLIST_KEY_UILaunchScreen_Generation = YES;
				INFOPLIST_KEY_UISupportedInterfaceOrientations_iPad = "UIInterfaceOrientationPortrait UIInterfaceOrientationPortraitUpsideDown UIInterfaceOrientationLandscapeLeft UIInterfaceOrientationLandscapeRight";
				INFOPLIST_KEY_UISupportedInterfaceOrientations_iPhone = "UIInterfaceOrientationPortrait";
				IPHONEOS_DEPLOYMENT_TARGET = 26.0;
				LD_RUNPATH_SEARCH_PATHS = (
					"$(inherited)",
					"@executable_path/Frameworks",
				);
				MARKETING_VERSION = 2.0;
				PRODUCT_BUNDLE_IDENTIFIER = indie.bulty.XO3;
				PRODUCT_NAME = TimBakToe;
				PROVISIONING_PROFILE_SPECIFIER = "";
				SWIFT_EMIT_LOC_STRINGS = YES;
				SWIFT_VERSION = 6.0;
				TARGETED_DEVICE_FAMILY = "1,2";
			};
			name = Release;
		};
/* End XCBuildConfiguration section */

/* Begin XCConfigurationList section */
		DC1283E42477740900B1317E /* Build configuration list for PBXProject "Tim-Bak-Toe" */ = {
			isa = XCConfigurationList;
			buildConfigurations = (
				DC1283FB2477741000B1317E /* Debug */,
				DC1283FC2477741000B1317E /* Release */,
			);
			defaultConfigurationIsVisible = 0;
			defaultConfigurationName = Release;
		};
		DC1283FD2477741000B1317E /* Build configuration list for PBXNativeTarget "TimBakToe" */ = {
			isa = XCConfigurationList;
			buildConfigurations = (
				DC1283FE2477741000B1317E /* Debug */,
				DC1283FF2477741000B1317E /* Release */,
			);
			defaultConfigurationIsVisible = 0;
			defaultConfigurationName = Release;
		};
/* End XCConfigurationList section */
	};
	rootObject = DC1283E12477740900B1317E /* Project object */;
}
